// !$*UTF8*$!
{
	archiveVersion = 1;
	classes = {
	};
	objectVersion = 48;
	objects = {

/* Begin PBXBuildFile section */
		5C72E5D6EC9AF2FC9D0F5CD1 /* Pods_CleanCase.framework in Frameworks */ = {isa = PBXBuildFile; fileRef = 4429DBFC09EBAAA714E08757 /* Pods_CleanCase.framework */; };
		B11B186A2025816D00EA29F7 /* Localizable.strings in Resources */ = {isa = PBXBuildFile; fileRef = B11B186C2025816D00EA29F7 /* Localizable.strings */; };
		B179409F2026076A00A9B675 /* LaundryView.swift in Sources */ = {isa = PBXBuildFile; fileRef = B179409E2026076A00A9B675 /* LaundryView.swift */; };
		B17940A12026077300A9B675 /* LaundryView.xib in Resources */ = {isa = PBXBuildFile; fileRef = B17940A02026077300A9B675 /* LaundryView.xib */; };
		B17940A620261BA100A9B675 /* UIViewController+Extensions.swift in Sources */ = {isa = PBXBuildFile; fileRef = B17940A520261BA100A9B675 /* UIViewController+Extensions.swift */; };
		B19DA3CB2028529A00E9F7D6 /* AgreementShow.storyboard in Resources */ = {isa = PBXBuildFile; fileRef = B19DA3CA2028529A00E9F7D6 /* AgreementShow.storyboard */; };
		B19DA3CE202852D100E9F7D6 /* AgreementShowViewController.swift in Sources */ = {isa = PBXBuildFile; fileRef = B19DA3CD202852D100E9F7D6 /* AgreementShowViewController.swift */; };
		B19DA3F6202891E800E9F7D6 /* Decodable+Extensions.swift in Sources */ = {isa = PBXBuildFile; fileRef = B19DA3F5202891E800E9F7D6 /* Decodable+Extensions.swift */; };
		B19DA3F82028993900E9F7D6 /* String+Extensions.swift in Sources */ = {isa = PBXBuildFile; fileRef = B19DA3F72028993900E9F7D6 /* String+Extensions.swift */; };
		B19DA3FB2028B0B000E9F7D6 /* Laundry+CoreDataClass.swift in Sources */ = {isa = PBXBuildFile; fileRef = B19DA3F92028B0B000E9F7D6 /* Laundry+CoreDataClass.swift */; };
		B19DA3FC2028B0B000E9F7D6 /* Laundry+CoreDataProperties.swift in Sources */ = {isa = PBXBuildFile; fileRef = B19DA3FA2028B0B000E9F7D6 /* Laundry+CoreDataProperties.swift */; };
		B1BAF5572028CF0C00BB4C66 /* CollectionDate+CoreDataClass.swift in Sources */ = {isa = PBXBuildFile; fileRef = B1BAF5552028CF0C00BB4C66 /* CollectionDate+CoreDataClass.swift */; };
		B1BAF5582028CF0C00BB4C66 /* CollectionDate+CoreDataProperties.swift in Sources */ = {isa = PBXBuildFile; fileRef = B1BAF5562028CF0C00BB4C66 /* CollectionDate+CoreDataProperties.swift */; };
		B1DBDEFA2029879B00127ECB /* DeliveryDate+CoreDataClass.swift in Sources */ = {isa = PBXBuildFile; fileRef = B1DBDEF82029879B00127ECB /* DeliveryDate+CoreDataClass.swift */; };
		B1DBDEFB2029879B00127ECB /* DeliveryDate+CoreDataProperties.swift in Sources */ = {isa = PBXBuildFile; fileRef = B1DBDEF92029879B00127ECB /* DeliveryDate+CoreDataProperties.swift */; };
		B1DBDF00202998E100127ECB /* Department+CoreDataClass.swift in Sources */ = {isa = PBXBuildFile; fileRef = B1DBDEFC202998E100127ECB /* Department+CoreDataClass.swift */; };
		B1DBDF01202998E100127ECB /* Department+CoreDataProperties.swift in Sources */ = {isa = PBXBuildFile; fileRef = B1DBDEFD202998E100127ECB /* Department+CoreDataProperties.swift */; };
		B1DBDF02202998E100127ECB /* DepartmentItem+CoreDataClass.swift in Sources */ = {isa = PBXBuildFile; fileRef = B1DBDEFE202998E100127ECB /* DepartmentItem+CoreDataClass.swift */; };
		B1DBDF03202998E100127ECB /* DepartmentItem+CoreDataProperties.swift in Sources */ = {isa = PBXBuildFile; fileRef = B1DBDEFF202998E100127ECB /* DepartmentItem+CoreDataProperties.swift */; };
		B1EEED8120257B6200F257AA /* Bundle+Extensions.swift in Sources */ = {isa = PBXBuildFile; fileRef = B1EEED8020257B6200F257AA /* Bundle+Extensions.swift */; };
		B1F4D0EE202447D50086E25F /* AppDelegate.swift in Sources */ = {isa = PBXBuildFile; fileRef = B1F4D0ED202447D50086E25F /* AppDelegate.swift */; };
		B1F4D0F5202447D50086E25F /* Assets.xcassets in Resources */ = {isa = PBXBuildFile; fileRef = B1F4D0F4202447D50086E25F /* Assets.xcassets */; };
		B1F4D0F8202447D50086E25F /* LaunchScreen.storyboard in Resources */ = {isa = PBXBuildFile; fileRef = B1F4D0F6202447D50086E25F /* LaunchScreen.storyboard */; };
		B1FA2CF320244DC200351BB7 /* FlowControlShowPresenter.swift in Sources */ = {isa = PBXBuildFile; fileRef = B1FA2CED20244DC200351BB7 /* FlowControlShowPresenter.swift */; };
		B1FA2CF420244DC200351BB7 /* FlowControlShowWorker.swift in Sources */ = {isa = PBXBuildFile; fileRef = B1FA2CEE20244DC200351BB7 /* FlowControlShowWorker.swift */; };
		B1FA2CF620244DC200351BB7 /* FlowControlShowModels.swift in Sources */ = {isa = PBXBuildFile; fileRef = B1FA2CF020244DC200351BB7 /* FlowControlShowModels.swift */; };
		B1FA2CF720244DC200351BB7 /* FlowControlShowViewController.swift in Sources */ = {isa = PBXBuildFile; fileRef = B1FA2CF120244DC200351BB7 /* FlowControlShowViewController.swift */; };
		B1FA2CF820244DC200351BB7 /* FlowControlShowInteractor.swift in Sources */ = {isa = PBXBuildFile; fileRef = B1FA2CF220244DC200351BB7 /* FlowControlShowInteractor.swift */; };
		B1FA2CFA20244DDD00351BB7 /* FlowControlShow.storyboard in Resources */ = {isa = PBXBuildFile; fileRef = B1FA2CF920244DDD00351BB7 /* FlowControlShow.storyboard */; };
		B1FA2D022024500000351BB7 /* SignInShowPresenter.swift in Sources */ = {isa = PBXBuildFile; fileRef = B1FA2CFC2024500000351BB7 /* SignInShowPresenter.swift */; };
		B1FA2D032024500000351BB7 /* SignInShowWorker.swift in Sources */ = {isa = PBXBuildFile; fileRef = B1FA2CFD2024500000351BB7 /* SignInShowWorker.swift */; };
		B1FA2D042024500000351BB7 /* SignInShowRouter.swift in Sources */ = {isa = PBXBuildFile; fileRef = B1FA2CFE2024500000351BB7 /* SignInShowRouter.swift */; };
		B1FA2D052024500000351BB7 /* SignInShowModels.swift in Sources */ = {isa = PBXBuildFile; fileRef = B1FA2CFF2024500000351BB7 /* SignInShowModels.swift */; };
		B1FA2D062024500000351BB7 /* SignInShowViewController.swift in Sources */ = {isa = PBXBuildFile; fileRef = B1FA2D002024500000351BB7 /* SignInShowViewController.swift */; };
		B1FA2D072024500000351BB7 /* SignInShowInteractor.swift in Sources */ = {isa = PBXBuildFile; fileRef = B1FA2D012024500000351BB7 /* SignInShowInteractor.swift */; };
		B1FA2D092024501100351BB7 /* SignInShow.storyboard in Resources */ = {isa = PBXBuildFile; fileRef = B1FA2D082024501100351BB7 /* SignInShow.storyboard */; };
		B1FA2D0B202455DE00351BB7 /* UIApplication+Extension.swift in Sources */ = {isa = PBXBuildFile; fileRef = B1FA2D0A202455DE00351BB7 /* UIApplication+Extension.swift */; };
		B1FA2D13202458E400351BB7 /* MainShowPresenter.swift in Sources */ = {isa = PBXBuildFile; fileRef = B1FA2D0D202458E400351BB7 /* MainShowPresenter.swift */; };
		B1FA2D14202458E400351BB7 /* MainShowWorker.swift in Sources */ = {isa = PBXBuildFile; fileRef = B1FA2D0E202458E400351BB7 /* MainShowWorker.swift */; };
		B1FA2D15202458E400351BB7 /* MainShowRouter.swift in Sources */ = {isa = PBXBuildFile; fileRef = B1FA2D0F202458E400351BB7 /* MainShowRouter.swift */; };
		B1FA2D16202458E400351BB7 /* MainShowModels.swift in Sources */ = {isa = PBXBuildFile; fileRef = B1FA2D10202458E400351BB7 /* MainShowModels.swift */; };
		B1FA2D17202458E400351BB7 /* MainShowViewController.swift in Sources */ = {isa = PBXBuildFile; fileRef = B1FA2D11202458E400351BB7 /* MainShowViewController.swift */; };
		B1FA2D18202458E400351BB7 /* MainShowInteractor.swift in Sources */ = {isa = PBXBuildFile; fileRef = B1FA2D12202458E400351BB7 /* MainShowInteractor.swift */; };
		B1FA2D1A202458F200351BB7 /* MainShow.storyboard in Resources */ = {isa = PBXBuildFile; fileRef = B1FA2D19202458F200351BB7 /* MainShow.storyboard */; };
		B1FA2D1C20245D4A00351BB7 /* OrderShow.storyboard in Resources */ = {isa = PBXBuildFile; fileRef = B1FA2D1B20245D4A00351BB7 /* OrderShow.storyboard */; };
		B1FA2D2420245D5F00351BB7 /* OrderShowPresenter.swift in Sources */ = {isa = PBXBuildFile; fileRef = B1FA2D1E20245D5F00351BB7 /* OrderShowPresenter.swift */; };
		B1FA2D2520245D5F00351BB7 /* OrderShowWorker.swift in Sources */ = {isa = PBXBuildFile; fileRef = B1FA2D1F20245D5F00351BB7 /* OrderShowWorker.swift */; };
		B1FA2D2620245D5F00351BB7 /* OrderShowRouter.swift in Sources */ = {isa = PBXBuildFile; fileRef = B1FA2D2020245D5F00351BB7 /* OrderShowRouter.swift */; };
		B1FA2D2720245D5F00351BB7 /* OrderShowModels.swift in Sources */ = {isa = PBXBuildFile; fileRef = B1FA2D2120245D5F00351BB7 /* OrderShowModels.swift */; };
		B1FA2D2820245D5F00351BB7 /* OrderShowViewController.swift in Sources */ = {isa = PBXBuildFile; fileRef = B1FA2D2220245D5F00351BB7 /* OrderShowViewController.swift */; };
		B1FA2D2920245D5F00351BB7 /* OrderShowInteractor.swift in Sources */ = {isa = PBXBuildFile; fileRef = B1FA2D2320245D5F00351BB7 /* OrderShowInteractor.swift */; };
		B1FA2D2B20245DC600351BB7 /* OrderCreate.storyboard in Resources */ = {isa = PBXBuildFile; fileRef = B1FA2D2A20245DC600351BB7 /* OrderCreate.storyboard */; };
		B1FA2D3320245DDF00351BB7 /* OrderCreatePresenter.swift in Sources */ = {isa = PBXBuildFile; fileRef = B1FA2D2D20245DDF00351BB7 /* OrderCreatePresenter.swift */; };
		B1FA2D3420245DDF00351BB7 /* OrderCreateWorker.swift in Sources */ = {isa = PBXBuildFile; fileRef = B1FA2D2E20245DDF00351BB7 /* OrderCreateWorker.swift */; };
		B1FA2D3520245DDF00351BB7 /* OrderCreateRouter.swift in Sources */ = {isa = PBXBuildFile; fileRef = B1FA2D2F20245DDF00351BB7 /* OrderCreateRouter.swift */; };
		B1FA2D3620245DDF00351BB7 /* OrderCreateModels.swift in Sources */ = {isa = PBXBuildFile; fileRef = B1FA2D3020245DDF00351BB7 /* OrderCreateModels.swift */; };
		B1FA2D3720245DDF00351BB7 /* OrderCreateViewController.swift in Sources */ = {isa = PBXBuildFile; fileRef = B1FA2D3120245DDF00351BB7 /* OrderCreateViewController.swift */; };
		B1FA2D3820245DDF00351BB7 /* OrderCreateInteractor.swift in Sources */ = {isa = PBXBuildFile; fileRef = B1FA2D3220245DDF00351BB7 /* OrderCreateInteractor.swift */; };
		B1FA2D4020245E2B00351BB7 /* PersonalDataShowPresenter.swift in Sources */ = {isa = PBXBuildFile; fileRef = B1FA2D3A20245E2B00351BB7 /* PersonalDataShowPresenter.swift */; };
		B1FA2D4120245E2B00351BB7 /* PersonalDataShowWorker.swift in Sources */ = {isa = PBXBuildFile; fileRef = B1FA2D3B20245E2B00351BB7 /* PersonalDataShowWorker.swift */; };
		B1FA2D4220245E2B00351BB7 /* PersonalDataShowRouter.swift in Sources */ = {isa = PBXBuildFile; fileRef = B1FA2D3C20245E2B00351BB7 /* PersonalDataShowRouter.swift */; };
		B1FA2D4320245E2B00351BB7 /* PersonalDataShowModels.swift in Sources */ = {isa = PBXBuildFile; fileRef = B1FA2D3D20245E2B00351BB7 /* PersonalDataShowModels.swift */; };
		B1FA2D4420245E2B00351BB7 /* PersonalDataShowViewController.swift in Sources */ = {isa = PBXBuildFile; fileRef = B1FA2D3E20245E2B00351BB7 /* PersonalDataShowViewController.swift */; };
		B1FA2D4520245E2B00351BB7 /* PersonalDataShowInteractor.swift in Sources */ = {isa = PBXBuildFile; fileRef = B1FA2D3F20245E2B00351BB7 /* PersonalDataShowInteractor.swift */; };
		B1FA2D4720245E3700351BB7 /* PersonalDataShow.storyboard in Resources */ = {isa = PBXBuildFile; fileRef = B1FA2D4620245E3700351BB7 /* PersonalDataShow.storyboard */; };
		B1FA2D4F20245E8900351BB7 /* OrdersShowPresenter.swift in Sources */ = {isa = PBXBuildFile; fileRef = B1FA2D4920245E8900351BB7 /* OrdersShowPresenter.swift */; };
		B1FA2D5020245E8900351BB7 /* OrdersShowWorker.swift in Sources */ = {isa = PBXBuildFile; fileRef = B1FA2D4A20245E8900351BB7 /* OrdersShowWorker.swift */; };
		B1FA2D5120245E8900351BB7 /* OrdersShowRouter.swift in Sources */ = {isa = PBXBuildFile; fileRef = B1FA2D4B20245E8900351BB7 /* OrdersShowRouter.swift */; };
		B1FA2D5220245E8900351BB7 /* OrdersShowModels.swift in Sources */ = {isa = PBXBuildFile; fileRef = B1FA2D4C20245E8900351BB7 /* OrdersShowModels.swift */; };
		B1FA2D5320245E8900351BB7 /* OrdersShowViewController.swift in Sources */ = {isa = PBXBuildFile; fileRef = B1FA2D4D20245E8900351BB7 /* OrdersShowViewController.swift */; };
		B1FA2D5420245E8900351BB7 /* OrdersShowInteractor.swift in Sources */ = {isa = PBXBuildFile; fileRef = B1FA2D4E20245E8900351BB7 /* OrdersShowInteractor.swift */; };
		B1FA2D5620245E9300351BB7 /* OrdersShow.storyboard in Resources */ = {isa = PBXBuildFile; fileRef = B1FA2D5520245E9300351BB7 /* OrdersShow.storyboard */; };
		B1FA2D5920245ED600351BB7 /* AboutShow.storyboard in Resources */ = {isa = PBXBuildFile; fileRef = B1FA2D5820245ED600351BB7 /* AboutShow.storyboard */; };
		B1FA2D6020245EE900351BB7 /* AboutShowPresenter.swift in Sources */ = {isa = PBXBuildFile; fileRef = B1FA2D5A20245EE900351BB7 /* AboutShowPresenter.swift */; };
		B1FA2D6120245EE900351BB7 /* AboutShowWorker.swift in Sources */ = {isa = PBXBuildFile; fileRef = B1FA2D5B20245EE900351BB7 /* AboutShowWorker.swift */; };
		B1FA2D6220245EE900351BB7 /* AboutShowRouter.swift in Sources */ = {isa = PBXBuildFile; fileRef = B1FA2D5C20245EE900351BB7 /* AboutShowRouter.swift */; };
		B1FA2D6320245EE900351BB7 /* AboutShowModels.swift in Sources */ = {isa = PBXBuildFile; fileRef = B1FA2D5D20245EE900351BB7 /* AboutShowModels.swift */; };
		B1FA2D6420245EE900351BB7 /* AboutShowViewController.swift in Sources */ = {isa = PBXBuildFile; fileRef = B1FA2D5E20245EE900351BB7 /* AboutShowViewController.swift */; };
		B1FA2D6520245EE900351BB7 /* AboutShowInteractor.swift in Sources */ = {isa = PBXBuildFile; fileRef = B1FA2D5F20245EE900351BB7 /* AboutShowInteractor.swift */; };
		B1FA2D6D20245F4B00351BB7 /* WriteUsShowPresenter.swift in Sources */ = {isa = PBXBuildFile; fileRef = B1FA2D6720245F4B00351BB7 /* WriteUsShowPresenter.swift */; };
		B1FA2D6E20245F4B00351BB7 /* WriteUsShowWorker.swift in Sources */ = {isa = PBXBuildFile; fileRef = B1FA2D6820245F4B00351BB7 /* WriteUsShowWorker.swift */; };
		B1FA2D6F20245F4B00351BB7 /* WriteUsShowRouter.swift in Sources */ = {isa = PBXBuildFile; fileRef = B1FA2D6920245F4B00351BB7 /* WriteUsShowRouter.swift */; };
		B1FA2D7020245F4B00351BB7 /* WriteUsShowModels.swift in Sources */ = {isa = PBXBuildFile; fileRef = B1FA2D6A20245F4B00351BB7 /* WriteUsShowModels.swift */; };
		B1FA2D7120245F4B00351BB7 /* WriteUsShowViewController.swift in Sources */ = {isa = PBXBuildFile; fileRef = B1FA2D6B20245F4B00351BB7 /* WriteUsShowViewController.swift */; };
		B1FA2D7220245F4B00351BB7 /* WriteUsShowInteractor.swift in Sources */ = {isa = PBXBuildFile; fileRef = B1FA2D6C20245F4B00351BB7 /* WriteUsShowInteractor.swift */; };
		B1FA2D7420245F5700351BB7 /* WriteUsShow.storyboard in Resources */ = {isa = PBXBuildFile; fileRef = B1FA2D7320245F5700351BB7 /* WriteUsShow.storyboard */; };
		B1FA2D7C20245FC000351BB7 /* PriceListShowPresenter.swift in Sources */ = {isa = PBXBuildFile; fileRef = B1FA2D7620245FC000351BB7 /* PriceListShowPresenter.swift */; };
		B1FA2D7D20245FC000351BB7 /* PriceListShowWorker.swift in Sources */ = {isa = PBXBuildFile; fileRef = B1FA2D7720245FC000351BB7 /* PriceListShowWorker.swift */; };
		B1FA2D7E20245FC000351BB7 /* PriceListShowRouter.swift in Sources */ = {isa = PBXBuildFile; fileRef = B1FA2D7820245FC000351BB7 /* PriceListShowRouter.swift */; };
		B1FA2D7F20245FC000351BB7 /* PriceListShowModels.swift in Sources */ = {isa = PBXBuildFile; fileRef = B1FA2D7920245FC000351BB7 /* PriceListShowModels.swift */; };
		B1FA2D8020245FC000351BB7 /* PriceListShowViewController.swift in Sources */ = {isa = PBXBuildFile; fileRef = B1FA2D7A20245FC000351BB7 /* PriceListShowViewController.swift */; };
		B1FA2D8120245FC000351BB7 /* PriceListShowInteractor.swift in Sources */ = {isa = PBXBuildFile; fileRef = B1FA2D7B20245FC000351BB7 /* PriceListShowInteractor.swift */; };
		B1FA2D8320245FCB00351BB7 /* PriceListShow.storyboard in Resources */ = {isa = PBXBuildFile; fileRef = B1FA2D8220245FCB00351BB7 /* PriceListShow.storyboard */; };
		B1FA2D8F20246D2100351BB7 /* LeftSideMenuShowPresenter.swift in Sources */ = {isa = PBXBuildFile; fileRef = B1FA2D8920246D2100351BB7 /* LeftSideMenuShowPresenter.swift */; };
		B1FA2D9020246D2100351BB7 /* LeftSideMenuShowWorker.swift in Sources */ = {isa = PBXBuildFile; fileRef = B1FA2D8A20246D2100351BB7 /* LeftSideMenuShowWorker.swift */; };
		B1FA2D9120246D2100351BB7 /* LeftSideMenuShowRouter.swift in Sources */ = {isa = PBXBuildFile; fileRef = B1FA2D8B20246D2100351BB7 /* LeftSideMenuShowRouter.swift */; };
		B1FA2D9220246D2100351BB7 /* LeftSideMenuShowModels.swift in Sources */ = {isa = PBXBuildFile; fileRef = B1FA2D8C20246D2100351BB7 /* LeftSideMenuShowModels.swift */; };
		B1FA2D9320246D2100351BB7 /* LeftSideMenuShowViewController.swift in Sources */ = {isa = PBXBuildFile; fileRef = B1FA2D8D20246D2100351BB7 /* LeftSideMenuShowViewController.swift */; };
		B1FA2D9420246D2100351BB7 /* LeftSideMenuShowInteractor.swift in Sources */ = {isa = PBXBuildFile; fileRef = B1FA2D8E20246D2100351BB7 /* LeftSideMenuShowInteractor.swift */; };
		B1FA2D9620246FF700351BB7 /* Constants.swift in Sources */ = {isa = PBXBuildFile; fileRef = B1FA2D9520246FF700351BB7 /* Constants.swift */; };
		B1FA2D9A2024735D00351BB7 /* LeftMenuItemCell.swift in Sources */ = {isa = PBXBuildFile; fileRef = B1FA2D982024735D00351BB7 /* LeftMenuItemCell.swift */; };
		B1FA2D9B2024735D00351BB7 /* LeftMenuItemCell.xib in Resources */ = {isa = PBXBuildFile; fileRef = B1FA2D992024735D00351BB7 /* LeftMenuItemCell.xib */; };
		B1FA2D9D2024748E00351BB7 /* Protocols.swift in Sources */ = {isa = PBXBuildFile; fileRef = B1FA2D9C2024748E00351BB7 /* Protocols.swift */; };
		B1FA2D9F202490A900351BB7 /* CoreDataManager.swift in Sources */ = {isa = PBXBuildFile; fileRef = B1FA2D9E202490A900351BB7 /* CoreDataManager.swift */; };
		B1FA2DA32024914900351BB7 /* CleanCaseModel.xcdatamodeld in Sources */ = {isa = PBXBuildFile; fileRef = B1FA2DA12024914900351BB7 /* CleanCaseModel.xcdatamodeld */; };
		B1FA2DA7202492E300351BB7 /* ResponseAPI.swift in Sources */ = {isa = PBXBuildFile; fileRef = B1FA2DA6202492E300351BB7 /* ResponseAPI.swift */; };
		B1FA2DA92024948400351BB7 /* RestAPIManager.swift in Sources */ = {isa = PBXBuildFile; fileRef = B1FA2DA82024948400351BB7 /* RestAPIManager.swift */; };
		B1FA2DAB202496F100351BB7 /* ErrorManager.swift in Sources */ = {isa = PBXBuildFile; fileRef = B1FA2DAA202496F100351BB7 /* ErrorManager.swift */; };
		B1FA2DB0202498C500351BB7 /* City+CoreDataClass.swift in Sources */ = {isa = PBXBuildFile; fileRef = B1FA2DAC202498C500351BB7 /* City+CoreDataClass.swift */; };
		B1FA2DB1202498C500351BB7 /* City+CoreDataProperties.swift in Sources */ = {isa = PBXBuildFile; fileRef = B1FA2DAD202498C500351BB7 /* City+CoreDataProperties.swift */; };
		B1FA2DB2202498C500351BB7 /* Version+CoreDataClass.swift in Sources */ = {isa = PBXBuildFile; fileRef = B1FA2DAE202498C500351BB7 /* Version+CoreDataClass.swift */; };
		B1FA2DB3202498C500351BB7 /* Version+CoreDataProperties.swift in Sources */ = {isa = PBXBuildFile; fileRef = B1FA2DAF202498C500351BB7 /* Version+CoreDataProperties.swift */; };
		B1FA2DB620249B2F00351BB7 /* ShareInteractor.swift in Sources */ = {isa = PBXBuildFile; fileRef = B1FA2DB520249B2F00351BB7 /* ShareInteractor.swift */; };
/* End PBXBuildFile section */

/* Begin PBXFileReference section */
		27913F3729368B518AECD01C /* Pods-CleanCase.release.xcconfig */ = {isa = PBXFileReference; includeInIndex = 1; lastKnownFileType = text.xcconfig; name = "Pods-CleanCase.release.xcconfig"; path = "Pods/Target Support Files/Pods-CleanCase/Pods-CleanCase.release.xcconfig"; sourceTree = "<group>"; };
		4429DBFC09EBAAA714E08757 /* Pods_CleanCase.framework */ = {isa = PBXFileReference; explicitFileType = wrapper.framework; includeInIndex = 0; path = Pods_CleanCase.framework; sourceTree = BUILT_PRODUCTS_DIR; };
		B11B18662025811B00EA29F7 /* ar */ = {isa = PBXFileReference; lastKnownFileType = text.plist.strings; name = ar; path = ar.lproj/LaunchScreen.strings; sourceTree = "<group>"; };
		B11B186B2025816D00EA29F7 /* en */ = {isa = PBXFileReference; lastKnownFileType = text.plist.strings; name = en; path = en.lproj/Localizable.strings; sourceTree = "<group>"; };
		B11B186D2025817100EA29F7 /* ar */ = {isa = PBXFileReference; lastKnownFileType = text.plist.strings; name = ar; path = ar.lproj/Localizable.strings; sourceTree = "<group>"; };
		B11B186F2025851600EA29F7 /* he */ = {isa = PBXFileReference; lastKnownFileType = text.plist.strings; name = he; path = he.lproj/LaunchScreen.strings; sourceTree = "<group>"; };
		B11B18702025851600EA29F7 /* he */ = {isa = PBXFileReference; lastKnownFileType = text.plist.strings; name = he; path = he.lproj/Localizable.strings; sourceTree = "<group>"; };
		B179409E2026076A00A9B675 /* LaundryView.swift */ = {isa = PBXFileReference; lastKnownFileType = sourcecode.swift; path = LaundryView.swift; sourceTree = "<group>"; };
		B17940A02026077300A9B675 /* LaundryView.xib */ = {isa = PBXFileReference; lastKnownFileType = file.xib; path = LaundryView.xib; sourceTree = "<group>"; };
		B17940A520261BA100A9B675 /* UIViewController+Extensions.swift */ = {isa = PBXFileReference; lastKnownFileType = sourcecode.swift; path = "UIViewController+Extensions.swift"; sourceTree = "<group>"; };
		B19DA3CA2028529A00E9F7D6 /* AgreementShow.storyboard */ = {isa = PBXFileReference; lastKnownFileType = file.storyboard; path = AgreementShow.storyboard; sourceTree = "<group>"; };
		B19DA3CD202852D100E9F7D6 /* AgreementShowViewController.swift */ = {isa = PBXFileReference; lastKnownFileType = sourcecode.swift; path = AgreementShowViewController.swift; sourceTree = "<group>"; };
		B19DA3F5202891E800E9F7D6 /* Decodable+Extensions.swift */ = {isa = PBXFileReference; lastKnownFileType = sourcecode.swift; path = "Decodable+Extensions.swift"; sourceTree = "<group>"; };
		B19DA3F72028993900E9F7D6 /* String+Extensions.swift */ = {isa = PBXFileReference; lastKnownFileType = sourcecode.swift; path = "String+Extensions.swift"; sourceTree = "<group>"; };
		B19DA3F92028B0B000E9F7D6 /* Laundry+CoreDataClass.swift */ = {isa = PBXFileReference; lastKnownFileType = sourcecode.swift; path = "Laundry+CoreDataClass.swift"; sourceTree = "<group>"; };
		B19DA3FA2028B0B000E9F7D6 /* Laundry+CoreDataProperties.swift */ = {isa = PBXFileReference; lastKnownFileType = sourcecode.swift; path = "Laundry+CoreDataProperties.swift"; sourceTree = "<group>"; };
		B1BAF5552028CF0C00BB4C66 /* CollectionDate+CoreDataClass.swift */ = {isa = PBXFileReference; lastKnownFileType = sourcecode.swift; path = "CollectionDate+CoreDataClass.swift"; sourceTree = "<group>"; };
		B1BAF5562028CF0C00BB4C66 /* CollectionDate+CoreDataProperties.swift */ = {isa = PBXFileReference; lastKnownFileType = sourcecode.swift; path = "CollectionDate+CoreDataProperties.swift"; sourceTree = "<group>"; };
		B1DBDEF82029879B00127ECB /* DeliveryDate+CoreDataClass.swift */ = {isa = PBXFileReference; lastKnownFileType = sourcecode.swift; path = "DeliveryDate+CoreDataClass.swift"; sourceTree = "<group>"; };
		B1DBDEF92029879B00127ECB /* DeliveryDate+CoreDataProperties.swift */ = {isa = PBXFileReference; lastKnownFileType = sourcecode.swift; path = "DeliveryDate+CoreDataProperties.swift"; sourceTree = "<group>"; };
		B1DBDEFC202998E100127ECB /* Department+CoreDataClass.swift */ = {isa = PBXFileReference; lastKnownFileType = sourcecode.swift; path = "Department+CoreDataClass.swift"; sourceTree = "<group>"; };
		B1DBDEFD202998E100127ECB /* Department+CoreDataProperties.swift */ = {isa = PBXFileReference; lastKnownFileType = sourcecode.swift; path = "Department+CoreDataProperties.swift"; sourceTree = "<group>"; };
		B1DBDEFE202998E100127ECB /* DepartmentItem+CoreDataClass.swift */ = {isa = PBXFileReference; lastKnownFileType = sourcecode.swift; path = "DepartmentItem+CoreDataClass.swift"; sourceTree = "<group>"; };
		B1DBDEFF202998E100127ECB /* DepartmentItem+CoreDataProperties.swift */ = {isa = PBXFileReference; lastKnownFileType = sourcecode.swift; path = "DepartmentItem+CoreDataProperties.swift"; sourceTree = "<group>"; };
		B1EEED8020257B6200F257AA /* Bundle+Extensions.swift */ = {isa = PBXFileReference; lastKnownFileType = sourcecode.swift; path = "Bundle+Extensions.swift"; sourceTree = "<group>"; };
		B1F4D0EA202447D50086E25F /* CleanCase.app */ = {isa = PBXFileReference; explicitFileType = wrapper.application; includeInIndex = 0; path = CleanCase.app; sourceTree = BUILT_PRODUCTS_DIR; };
		B1F4D0ED202447D50086E25F /* AppDelegate.swift */ = {isa = PBXFileReference; lastKnownFileType = sourcecode.swift; path = AppDelegate.swift; sourceTree = "<group>"; };
		B1F4D0F4202447D50086E25F /* Assets.xcassets */ = {isa = PBXFileReference; lastKnownFileType = folder.assetcatalog; path = Assets.xcassets; sourceTree = "<group>"; };
		B1F4D0F7202447D50086E25F /* Base */ = {isa = PBXFileReference; lastKnownFileType = file.storyboard; name = Base; path = Base.lproj/LaunchScreen.storyboard; sourceTree = "<group>"; };
		B1F4D0F9202447D50086E25F /* Info.plist */ = {isa = PBXFileReference; lastKnownFileType = text.plist.xml; path = Info.plist; sourceTree = "<group>"; };
		B1FA2CED20244DC200351BB7 /* FlowControlShowPresenter.swift */ = {isa = PBXFileReference; lastKnownFileType = sourcecode.swift; path = FlowControlShowPresenter.swift; sourceTree = "<group>"; };
		B1FA2CEE20244DC200351BB7 /* FlowControlShowWorker.swift */ = {isa = PBXFileReference; lastKnownFileType = sourcecode.swift; path = FlowControlShowWorker.swift; sourceTree = "<group>"; };
		B1FA2CF020244DC200351BB7 /* FlowControlShowModels.swift */ = {isa = PBXFileReference; lastKnownFileType = sourcecode.swift; path = FlowControlShowModels.swift; sourceTree = "<group>"; };
		B1FA2CF120244DC200351BB7 /* FlowControlShowViewController.swift */ = {isa = PBXFileReference; lastKnownFileType = sourcecode.swift; path = FlowControlShowViewController.swift; sourceTree = "<group>"; };
		B1FA2CF220244DC200351BB7 /* FlowControlShowInteractor.swift */ = {isa = PBXFileReference; lastKnownFileType = sourcecode.swift; path = FlowControlShowInteractor.swift; sourceTree = "<group>"; };
		B1FA2CF920244DDD00351BB7 /* FlowControlShow.storyboard */ = {isa = PBXFileReference; lastKnownFileType = file.storyboard; path = FlowControlShow.storyboard; sourceTree = "<group>"; };
		B1FA2CFC2024500000351BB7 /* SignInShowPresenter.swift */ = {isa = PBXFileReference; lastKnownFileType = sourcecode.swift; path = SignInShowPresenter.swift; sourceTree = "<group>"; };
		B1FA2CFD2024500000351BB7 /* SignInShowWorker.swift */ = {isa = PBXFileReference; lastKnownFileType = sourcecode.swift; path = SignInShowWorker.swift; sourceTree = "<group>"; };
		B1FA2CFE2024500000351BB7 /* SignInShowRouter.swift */ = {isa = PBXFileReference; lastKnownFileType = sourcecode.swift; path = SignInShowRouter.swift; sourceTree = "<group>"; };
		B1FA2CFF2024500000351BB7 /* SignInShowModels.swift */ = {isa = PBXFileReference; lastKnownFileType = sourcecode.swift; path = SignInShowModels.swift; sourceTree = "<group>"; };
		B1FA2D002024500000351BB7 /* SignInShowViewController.swift */ = {isa = PBXFileReference; lastKnownFileType = sourcecode.swift; path = SignInShowViewController.swift; sourceTree = "<group>"; };
		B1FA2D012024500000351BB7 /* SignInShowInteractor.swift */ = {isa = PBXFileReference; lastKnownFileType = sourcecode.swift; path = SignInShowInteractor.swift; sourceTree = "<group>"; };
		B1FA2D082024501100351BB7 /* SignInShow.storyboard */ = {isa = PBXFileReference; lastKnownFileType = file.storyboard; path = SignInShow.storyboard; sourceTree = "<group>"; };
		B1FA2D0A202455DE00351BB7 /* UIApplication+Extension.swift */ = {isa = PBXFileReference; fileEncoding = 4; lastKnownFileType = sourcecode.swift; path = "UIApplication+Extension.swift"; sourceTree = "<group>"; };
		B1FA2D0D202458E400351BB7 /* MainShowPresenter.swift */ = {isa = PBXFileReference; lastKnownFileType = sourcecode.swift; path = MainShowPresenter.swift; sourceTree = "<group>"; };
		B1FA2D0E202458E400351BB7 /* MainShowWorker.swift */ = {isa = PBXFileReference; lastKnownFileType = sourcecode.swift; path = MainShowWorker.swift; sourceTree = "<group>"; };
		B1FA2D0F202458E400351BB7 /* MainShowRouter.swift */ = {isa = PBXFileReference; lastKnownFileType = sourcecode.swift; path = MainShowRouter.swift; sourceTree = "<group>"; };
		B1FA2D10202458E400351BB7 /* MainShowModels.swift */ = {isa = PBXFileReference; lastKnownFileType = sourcecode.swift; path = MainShowModels.swift; sourceTree = "<group>"; };
		B1FA2D11202458E400351BB7 /* MainShowViewController.swift */ = {isa = PBXFileReference; lastKnownFileType = sourcecode.swift; path = MainShowViewController.swift; sourceTree = "<group>"; };
		B1FA2D12202458E400351BB7 /* MainShowInteractor.swift */ = {isa = PBXFileReference; lastKnownFileType = sourcecode.swift; path = MainShowInteractor.swift; sourceTree = "<group>"; };
		B1FA2D19202458F200351BB7 /* MainShow.storyboard */ = {isa = PBXFileReference; lastKnownFileType = file.storyboard; path = MainShow.storyboard; sourceTree = "<group>"; };
		B1FA2D1B20245D4A00351BB7 /* OrderShow.storyboard */ = {isa = PBXFileReference; lastKnownFileType = file.storyboard; path = OrderShow.storyboard; sourceTree = "<group>"; };
		B1FA2D1E20245D5F00351BB7 /* OrderShowPresenter.swift */ = {isa = PBXFileReference; lastKnownFileType = sourcecode.swift; path = OrderShowPresenter.swift; sourceTree = "<group>"; };
		B1FA2D1F20245D5F00351BB7 /* OrderShowWorker.swift */ = {isa = PBXFileReference; lastKnownFileType = sourcecode.swift; path = OrderShowWorker.swift; sourceTree = "<group>"; };
		B1FA2D2020245D5F00351BB7 /* OrderShowRouter.swift */ = {isa = PBXFileReference; lastKnownFileType = sourcecode.swift; path = OrderShowRouter.swift; sourceTree = "<group>"; };
		B1FA2D2120245D5F00351BB7 /* OrderShowModels.swift */ = {isa = PBXFileReference; lastKnownFileType = sourcecode.swift; path = OrderShowModels.swift; sourceTree = "<group>"; };
		B1FA2D2220245D5F00351BB7 /* OrderShowViewController.swift */ = {isa = PBXFileReference; lastKnownFileType = sourcecode.swift; path = OrderShowViewController.swift; sourceTree = "<group>"; };
		B1FA2D2320245D5F00351BB7 /* OrderShowInteractor.swift */ = {isa = PBXFileReference; lastKnownFileType = sourcecode.swift; path = OrderShowInteractor.swift; sourceTree = "<group>"; };
		B1FA2D2A20245DC600351BB7 /* OrderCreate.storyboard */ = {isa = PBXFileReference; lastKnownFileType = file.storyboard; path = OrderCreate.storyboard; sourceTree = "<group>"; };
		B1FA2D2D20245DDF00351BB7 /* OrderCreatePresenter.swift */ = {isa = PBXFileReference; lastKnownFileType = sourcecode.swift; path = OrderCreatePresenter.swift; sourceTree = "<group>"; };
		B1FA2D2E20245DDF00351BB7 /* OrderCreateWorker.swift */ = {isa = PBXFileReference; lastKnownFileType = sourcecode.swift; path = OrderCreateWorker.swift; sourceTree = "<group>"; };
		B1FA2D2F20245DDF00351BB7 /* OrderCreateRouter.swift */ = {isa = PBXFileReference; lastKnownFileType = sourcecode.swift; path = OrderCreateRouter.swift; sourceTree = "<group>"; };
		B1FA2D3020245DDF00351BB7 /* OrderCreateModels.swift */ = {isa = PBXFileReference; lastKnownFileType = sourcecode.swift; path = OrderCreateModels.swift; sourceTree = "<group>"; };
		B1FA2D3120245DDF00351BB7 /* OrderCreateViewController.swift */ = {isa = PBXFileReference; lastKnownFileType = sourcecode.swift; path = OrderCreateViewController.swift; sourceTree = "<group>"; };
		B1FA2D3220245DDF00351BB7 /* OrderCreateInteractor.swift */ = {isa = PBXFileReference; lastKnownFileType = sourcecode.swift; path = OrderCreateInteractor.swift; sourceTree = "<group>"; };
		B1FA2D3A20245E2B00351BB7 /* PersonalDataShowPresenter.swift */ = {isa = PBXFileReference; lastKnownFileType = sourcecode.swift; path = PersonalDataShowPresenter.swift; sourceTree = "<group>"; };
		B1FA2D3B20245E2B00351BB7 /* PersonalDataShowWorker.swift */ = {isa = PBXFileReference; lastKnownFileType = sourcecode.swift; path = PersonalDataShowWorker.swift; sourceTree = "<group>"; };
		B1FA2D3C20245E2B00351BB7 /* PersonalDataShowRouter.swift */ = {isa = PBXFileReference; lastKnownFileType = sourcecode.swift; path = PersonalDataShowRouter.swift; sourceTree = "<group>"; };
		B1FA2D3D20245E2B00351BB7 /* PersonalDataShowModels.swift */ = {isa = PBXFileReference; lastKnownFileType = sourcecode.swift; path = PersonalDataShowModels.swift; sourceTree = "<group>"; };
		B1FA2D3E20245E2B00351BB7 /* PersonalDataShowViewController.swift */ = {isa = PBXFileReference; lastKnownFileType = sourcecode.swift; path = PersonalDataShowViewController.swift; sourceTree = "<group>"; };
		B1FA2D3F20245E2B00351BB7 /* PersonalDataShowInteractor.swift */ = {isa = PBXFileReference; lastKnownFileType = sourcecode.swift; path = PersonalDataShowInteractor.swift; sourceTree = "<group>"; };
		B1FA2D4620245E3700351BB7 /* PersonalDataShow.storyboard */ = {isa = PBXFileReference; lastKnownFileType = file.storyboard; path = PersonalDataShow.storyboard; sourceTree = "<group>"; };
		B1FA2D4920245E8900351BB7 /* OrdersShowPresenter.swift */ = {isa = PBXFileReference; lastKnownFileType = sourcecode.swift; path = OrdersShowPresenter.swift; sourceTree = "<group>"; };
		B1FA2D4A20245E8900351BB7 /* OrdersShowWorker.swift */ = {isa = PBXFileReference; lastKnownFileType = sourcecode.swift; path = OrdersShowWorker.swift; sourceTree = "<group>"; };
		B1FA2D4B20245E8900351BB7 /* OrdersShowRouter.swift */ = {isa = PBXFileReference; lastKnownFileType = sourcecode.swift; path = OrdersShowRouter.swift; sourceTree = "<group>"; };
		B1FA2D4C20245E8900351BB7 /* OrdersShowModels.swift */ = {isa = PBXFileReference; lastKnownFileType = sourcecode.swift; path = OrdersShowModels.swift; sourceTree = "<group>"; };
		B1FA2D4D20245E8900351BB7 /* OrdersShowViewController.swift */ = {isa = PBXFileReference; lastKnownFileType = sourcecode.swift; path = OrdersShowViewController.swift; sourceTree = "<group>"; };
		B1FA2D4E20245E8900351BB7 /* OrdersShowInteractor.swift */ = {isa = PBXFileReference; lastKnownFileType = sourcecode.swift; path = OrdersShowInteractor.swift; sourceTree = "<group>"; };
		B1FA2D5520245E9300351BB7 /* OrdersShow.storyboard */ = {isa = PBXFileReference; lastKnownFileType = file.storyboard; path = OrdersShow.storyboard; sourceTree = "<group>"; };
		B1FA2D5820245ED600351BB7 /* AboutShow.storyboard */ = {isa = PBXFileReference; lastKnownFileType = file.storyboard; path = AboutShow.storyboard; sourceTree = "<group>"; };
		B1FA2D5A20245EE900351BB7 /* AboutShowPresenter.swift */ = {isa = PBXFileReference; lastKnownFileType = sourcecode.swift; path = AboutShowPresenter.swift; sourceTree = "<group>"; };
		B1FA2D5B20245EE900351BB7 /* AboutShowWorker.swift */ = {isa = PBXFileReference; lastKnownFileType = sourcecode.swift; path = AboutShowWorker.swift; sourceTree = "<group>"; };
		B1FA2D5C20245EE900351BB7 /* AboutShowRouter.swift */ = {isa = PBXFileReference; lastKnownFileType = sourcecode.swift; path = AboutShowRouter.swift; sourceTree = "<group>"; };
		B1FA2D5D20245EE900351BB7 /* AboutShowModels.swift */ = {isa = PBXFileReference; lastKnownFileType = sourcecode.swift; path = AboutShowModels.swift; sourceTree = "<group>"; };
		B1FA2D5E20245EE900351BB7 /* AboutShowViewController.swift */ = {isa = PBXFileReference; lastKnownFileType = sourcecode.swift; path = AboutShowViewController.swift; sourceTree = "<group>"; };
		B1FA2D5F20245EE900351BB7 /* AboutShowInteractor.swift */ = {isa = PBXFileReference; lastKnownFileType = sourcecode.swift; path = AboutShowInteractor.swift; sourceTree = "<group>"; };
		B1FA2D6720245F4B00351BB7 /* WriteUsShowPresenter.swift */ = {isa = PBXFileReference; lastKnownFileType = sourcecode.swift; path = WriteUsShowPresenter.swift; sourceTree = "<group>"; };
		B1FA2D6820245F4B00351BB7 /* WriteUsShowWorker.swift */ = {isa = PBXFileReference; lastKnownFileType = sourcecode.swift; path = WriteUsShowWorker.swift; sourceTree = "<group>"; };
		B1FA2D6920245F4B00351BB7 /* WriteUsShowRouter.swift */ = {isa = PBXFileReference; lastKnownFileType = sourcecode.swift; path = WriteUsShowRouter.swift; sourceTree = "<group>"; };
		B1FA2D6A20245F4B00351BB7 /* WriteUsShowModels.swift */ = {isa = PBXFileReference; lastKnownFileType = sourcecode.swift; path = WriteUsShowModels.swift; sourceTree = "<group>"; };
		B1FA2D6B20245F4B00351BB7 /* WriteUsShowViewController.swift */ = {isa = PBXFileReference; lastKnownFileType = sourcecode.swift; path = WriteUsShowViewController.swift; sourceTree = "<group>"; };
		B1FA2D6C20245F4B00351BB7 /* WriteUsShowInteractor.swift */ = {isa = PBXFileReference; lastKnownFileType = sourcecode.swift; path = WriteUsShowInteractor.swift; sourceTree = "<group>"; };
		B1FA2D7320245F5700351BB7 /* WriteUsShow.storyboard */ = {isa = PBXFileReference; lastKnownFileType = file.storyboard; path = WriteUsShow.storyboard; sourceTree = "<group>"; };
		B1FA2D7620245FC000351BB7 /* PriceListShowPresenter.swift */ = {isa = PBXFileReference; lastKnownFileType = sourcecode.swift; path = PriceListShowPresenter.swift; sourceTree = "<group>"; };
		B1FA2D7720245FC000351BB7 /* PriceListShowWorker.swift */ = {isa = PBXFileReference; lastKnownFileType = sourcecode.swift; path = PriceListShowWorker.swift; sourceTree = "<group>"; };
		B1FA2D7820245FC000351BB7 /* PriceListShowRouter.swift */ = {isa = PBXFileReference; lastKnownFileType = sourcecode.swift; path = PriceListShowRouter.swift; sourceTree = "<group>"; };
		B1FA2D7920245FC000351BB7 /* PriceListShowModels.swift */ = {isa = PBXFileReference; lastKnownFileType = sourcecode.swift; path = PriceListShowModels.swift; sourceTree = "<group>"; };
		B1FA2D7A20245FC000351BB7 /* PriceListShowViewController.swift */ = {isa = PBXFileReference; lastKnownFileType = sourcecode.swift; path = PriceListShowViewController.swift; sourceTree = "<group>"; };
		B1FA2D7B20245FC000351BB7 /* PriceListShowInteractor.swift */ = {isa = PBXFileReference; lastKnownFileType = sourcecode.swift; path = PriceListShowInteractor.swift; sourceTree = "<group>"; };
		B1FA2D8220245FCB00351BB7 /* PriceListShow.storyboard */ = {isa = PBXFileReference; lastKnownFileType = file.storyboard; path = PriceListShow.storyboard; sourceTree = "<group>"; };
		B1FA2D8920246D2100351BB7 /* LeftSideMenuShowPresenter.swift */ = {isa = PBXFileReference; lastKnownFileType = sourcecode.swift; path = LeftSideMenuShowPresenter.swift; sourceTree = "<group>"; };
		B1FA2D8A20246D2100351BB7 /* LeftSideMenuShowWorker.swift */ = {isa = PBXFileReference; lastKnownFileType = sourcecode.swift; path = LeftSideMenuShowWorker.swift; sourceTree = "<group>"; };
		B1FA2D8B20246D2100351BB7 /* LeftSideMenuShowRouter.swift */ = {isa = PBXFileReference; lastKnownFileType = sourcecode.swift; path = LeftSideMenuShowRouter.swift; sourceTree = "<group>"; };
		B1FA2D8C20246D2100351BB7 /* LeftSideMenuShowModels.swift */ = {isa = PBXFileReference; lastKnownFileType = sourcecode.swift; path = LeftSideMenuShowModels.swift; sourceTree = "<group>"; };
		B1FA2D8D20246D2100351BB7 /* LeftSideMenuShowViewController.swift */ = {isa = PBXFileReference; lastKnownFileType = sourcecode.swift; path = LeftSideMenuShowViewController.swift; sourceTree = "<group>"; };
		B1FA2D8E20246D2100351BB7 /* LeftSideMenuShowInteractor.swift */ = {isa = PBXFileReference; lastKnownFileType = sourcecode.swift; path = LeftSideMenuShowInteractor.swift; sourceTree = "<group>"; };
		B1FA2D9520246FF700351BB7 /* Constants.swift */ = {isa = PBXFileReference; fileEncoding = 4; lastKnownFileType = sourcecode.swift; path = Constants.swift; sourceTree = "<group>"; };
		B1FA2D982024735D00351BB7 /* LeftMenuItemCell.swift */ = {isa = PBXFileReference; fileEncoding = 4; lastKnownFileType = sourcecode.swift; path = LeftMenuItemCell.swift; sourceTree = "<group>"; };
		B1FA2D992024735D00351BB7 /* LeftMenuItemCell.xib */ = {isa = PBXFileReference; fileEncoding = 4; lastKnownFileType = file.xib; path = LeftMenuItemCell.xib; sourceTree = "<group>"; };
		B1FA2D9C2024748E00351BB7 /* Protocols.swift */ = {isa = PBXFileReference; lastKnownFileType = sourcecode.swift; path = Protocols.swift; sourceTree = "<group>"; };
		B1FA2D9E202490A900351BB7 /* CoreDataManager.swift */ = {isa = PBXFileReference; fileEncoding = 4; lastKnownFileType = sourcecode.swift; path = CoreDataManager.swift; sourceTree = "<group>"; };
		B1FA2DA22024914900351BB7 /* CleanCaseModel.xcdatamodel */ = {isa = PBXFileReference; lastKnownFileType = wrapper.xcdatamodel; path = CleanCaseModel.xcdatamodel; sourceTree = "<group>"; };
		B1FA2DA42024925200351BB7 /* CleanCaseModel 1.xcdatamodel */ = {isa = PBXFileReference; lastKnownFileType = wrapper.xcdatamodel; path = "CleanCaseModel 1.xcdatamodel"; sourceTree = "<group>"; };
		B1FA2DA6202492E300351BB7 /* ResponseAPI.swift */ = {isa = PBXFileReference; fileEncoding = 4; lastKnownFileType = sourcecode.swift; path = ResponseAPI.swift; sourceTree = "<group>"; };
		B1FA2DA82024948400351BB7 /* RestAPIManager.swift */ = {isa = PBXFileReference; fileEncoding = 4; lastKnownFileType = sourcecode.swift; path = RestAPIManager.swift; sourceTree = "<group>"; };
		B1FA2DAA202496F100351BB7 /* ErrorManager.swift */ = {isa = PBXFileReference; fileEncoding = 4; lastKnownFileType = sourcecode.swift; path = ErrorManager.swift; sourceTree = "<group>"; };
		B1FA2DAC202498C500351BB7 /* City+CoreDataClass.swift */ = {isa = PBXFileReference; lastKnownFileType = sourcecode.swift; path = "City+CoreDataClass.swift"; sourceTree = "<group>"; };
		B1FA2DAD202498C500351BB7 /* City+CoreDataProperties.swift */ = {isa = PBXFileReference; lastKnownFileType = sourcecode.swift; path = "City+CoreDataProperties.swift"; sourceTree = "<group>"; };
		B1FA2DAE202498C500351BB7 /* Version+CoreDataClass.swift */ = {isa = PBXFileReference; lastKnownFileType = sourcecode.swift; path = "Version+CoreDataClass.swift"; sourceTree = "<group>"; };
		B1FA2DAF202498C500351BB7 /* Version+CoreDataProperties.swift */ = {isa = PBXFileReference; lastKnownFileType = sourcecode.swift; path = "Version+CoreDataProperties.swift"; sourceTree = "<group>"; };
		B1FA2DB520249B2F00351BB7 /* ShareInteractor.swift */ = {isa = PBXFileReference; fileEncoding = 4; lastKnownFileType = sourcecode.swift; path = ShareInteractor.swift; sourceTree = "<group>"; };
		B77D149EA968FA2CE61055A7 /* Pods-CleanCase.debug.xcconfig */ = {isa = PBXFileReference; includeInIndex = 1; lastKnownFileType = text.xcconfig; name = "Pods-CleanCase.debug.xcconfig"; path = "Pods/Target Support Files/Pods-CleanCase/Pods-CleanCase.debug.xcconfig"; sourceTree = "<group>"; };
/* End PBXFileReference section */

/* Begin PBXFrameworksBuildPhase section */
		B1F4D0E7202447D40086E25F /* Frameworks */ = {
			isa = PBXFrameworksBuildPhase;
			buildActionMask = 2147483647;
			files = (
				5C72E5D6EC9AF2FC9D0F5CD1 /* Pods_CleanCase.framework in Frameworks */,
			);
			runOnlyForDeploymentPostprocessing = 0;
		};
/* End PBXFrameworksBuildPhase section */

/* Begin PBXGroup section */
		1EA4D84A5429465057D8823F /* Pods */ = {
			isa = PBXGroup;
			children = (
				B77D149EA968FA2CE61055A7 /* Pods-CleanCase.debug.xcconfig */,
				27913F3729368B518AECD01C /* Pods-CleanCase.release.xcconfig */,
			);
			name = Pods;
			sourceTree = "<group>";
		};
		74F34CCE6AC1548C815C4D16 /* Frameworks */ = {
			isa = PBXGroup;
			children = (
				4429DBFC09EBAAA714E08757 /* Pods_CleanCase.framework */,
			);
			name = Frameworks;
			sourceTree = "<group>";
		};
		B179409D2026074E00A9B675 /* UIViews */ = {
			isa = PBXGroup;
			children = (
				B179409E2026076A00A9B675 /* LaundryView.swift */,
				B17940A02026077300A9B675 /* LaundryView.xib */,
			);
			path = UIViews;
			sourceTree = "<group>";
		};
		B19DA3CC202852BE00E9F7D6 /* AgreementShow */ = {
			isa = PBXGroup;
			children = (
				B19DA3CD202852D100E9F7D6 /* AgreementShowViewController.swift */,
			);
			path = AgreementShow;
			sourceTree = "<group>";
		};
		B1F4D0E1202447D40086E25F = {
			isa = PBXGroup;
			children = (
				B1F4D0EC202447D50086E25F /* CleanCase */,
				B1F4D0EB202447D50086E25F /* Products */,
				1EA4D84A5429465057D8823F /* Pods */,
				74F34CCE6AC1548C815C4D16 /* Frameworks */,
			);
			sourceTree = "<group>";
		};
		B1F4D0EB202447D50086E25F /* Products */ = {
			isa = PBXGroup;
			children = (
				B1F4D0EA202447D50086E25F /* CleanCase.app */,
			);
			name = Products;
			sourceTree = "<group>";
		};
		B1F4D0EC202447D50086E25F /* CleanCase */ = {
			isa = PBXGroup;
			children = (
				B1F4D0ED202447D50086E25F /* AppDelegate.swift */,
				B1F4D102202449400086E25F /* Common */,
				B1F4D100202448FD0086E25F /* Scenes */,
				B1F4D0FF202448E00086E25F /* Storyboards */,
				B1F4D1012024490D0086E25F /* Resources */,
			);
			path = CleanCase;
			sourceTree = "<group>";
		};
		B1F4D0FF202448E00086E25F /* Storyboards */ = {
			isa = PBXGroup;
			children = (
				B1FA2D5820245ED600351BB7 /* AboutShow.storyboard */,
				B19DA3CA2028529A00E9F7D6 /* AgreementShow.storyboard */,
				B1FA2CF920244DDD00351BB7 /* FlowControlShow.storyboard */,
				B1F4D0F6202447D50086E25F /* LaunchScreen.storyboard */,
				B1FA2D19202458F200351BB7 /* MainShow.storyboard */,
				B1FA2D2A20245DC600351BB7 /* OrderCreate.storyboard */,
				B1FA2D1B20245D4A00351BB7 /* OrderShow.storyboard */,
				B1FA2D5520245E9300351BB7 /* OrdersShow.storyboard */,
				B1FA2D4620245E3700351BB7 /* PersonalDataShow.storyboard */,
				B1FA2D8220245FCB00351BB7 /* PriceListShow.storyboard */,
				B1FA2D082024501100351BB7 /* SignInShow.storyboard */,
				B1FA2D7320245F5700351BB7 /* WriteUsShow.storyboard */,
			);
			path = Storyboards;
			sourceTree = "<group>";
		};
		B1F4D100202448FD0086E25F /* Scenes */ = {
			isa = PBXGroup;
			children = (
				B1FA2D5720245ECF00351BB7 /* AboutShow */,
				B19DA3CC202852BE00E9F7D6 /* AgreementShow */,
				B1FA2CEC20244D9700351BB7 /* FlowControlShow */,
				B1FA2D8820246D1400351BB7 /* LeftSideMenuShow */,
				B1FA2D0C202458D300351BB7 /* MainShow */,
				B1FA2D2C20245DCF00351BB7 /* OrderCreate */,
				B1FA2D1D20245D4E00351BB7 /* OrderShow */,
				B1FA2D4820245E7900351BB7 /* OrdersShow */,
				B1FA2D3920245E1C00351BB7 /* PersonalDataShow */,
				B1FA2D7520245FB100351BB7 /* PriceListShow */,
				B1FA2CFB20244FF300351BB7 /* SignInShow */,
				B1FA2D6620245F3800351BB7 /* WriteUsShow */,
			);
			path = Scenes;
			sourceTree = "<group>";
		};
		B1F4D1012024490D0086E25F /* Resources */ = {
			isa = PBXGroup;
			children = (
				B1F4D0F4202447D50086E25F /* Assets.xcassets */,
				B1F4D0F9202447D50086E25F /* Info.plist */,
				B11B186C2025816D00EA29F7 /* Localizable.strings */,
			);
			path = Resources;
			sourceTree = "<group>";
		};
		B1F4D102202449400086E25F /* Common */ = {
			isa = PBXGroup;
			children = (
				B1F4D103202449490086E25F /* CoreData */,
				B1F4D1052024495E0086E25F /* Extensions */,
				B1F4D104202449500086E25F /* Managers */,
				B1FA2DA5202492D500351BB7 /* Models */,
				B1FA2DB420249B1300351BB7 /* UIViewControllers */,
				B179409D2026074E00A9B675 /* UIViews */,
			);
			path = Common;
			sourceTree = "<group>";
		};
		B1F4D103202449490086E25F /* CoreData */ = {
			isa = PBXGroup;
			children = (
				B1FA2DA02024912100351BB7 /* Entities */,
				B1FA2DA12024914900351BB7 /* CleanCaseModel.xcdatamodeld */,
			);
			path = CoreData;
			sourceTree = "<group>";
		};
		B1F4D104202449500086E25F /* Managers */ = {
			isa = PBXGroup;
			children = (
				B1FA2D9E202490A900351BB7 /* CoreDataManager.swift */,
				B1FA2DAA202496F100351BB7 /* ErrorManager.swift */,
				B1FA2DA82024948400351BB7 /* RestAPIManager.swift */,
			);
			path = Managers;
			sourceTree = "<group>";
		};
		B1F4D1052024495E0086E25F /* Extensions */ = {
			isa = PBXGroup;
			children = (
				B1EEED8020257B6200F257AA /* Bundle+Extensions.swift */,
				B1FA2D9520246FF700351BB7 /* Constants.swift */,
				B19DA3F5202891E800E9F7D6 /* Decodable+Extensions.swift */,
				B1FA2D9C2024748E00351BB7 /* Protocols.swift */,
				B19DA3F72028993900E9F7D6 /* String+Extensions.swift */,
				B1FA2D0A202455DE00351BB7 /* UIApplication+Extension.swift */,
				B17940A520261BA100A9B675 /* UIViewController+Extensions.swift */,
			);
			path = Extensions;
			sourceTree = "<group>";
		};
		B1FA2CEC20244D9700351BB7 /* FlowControlShow */ = {
			isa = PBXGroup;
			children = (
				B1FA2CF220244DC200351BB7 /* FlowControlShowInteractor.swift */,
				B1FA2CF020244DC200351BB7 /* FlowControlShowModels.swift */,
				B1FA2CED20244DC200351BB7 /* FlowControlShowPresenter.swift */,
				B1FA2CF120244DC200351BB7 /* FlowControlShowViewController.swift */,
				B1FA2CEE20244DC200351BB7 /* FlowControlShowWorker.swift */,
			);
			path = FlowControlShow;
			sourceTree = "<group>";
		};
		B1FA2CFB20244FF300351BB7 /* SignInShow */ = {
			isa = PBXGroup;
			children = (
				B1FA2D012024500000351BB7 /* SignInShowInteractor.swift */,
				B1FA2CFF2024500000351BB7 /* SignInShowModels.swift */,
				B1FA2CFC2024500000351BB7 /* SignInShowPresenter.swift */,
				B1FA2CFE2024500000351BB7 /* SignInShowRouter.swift */,
				B1FA2D002024500000351BB7 /* SignInShowViewController.swift */,
				B1FA2CFD2024500000351BB7 /* SignInShowWorker.swift */,
			);
			path = SignInShow;
			sourceTree = "<group>";
		};
		B1FA2D0C202458D300351BB7 /* MainShow */ = {
			isa = PBXGroup;
			children = (
				B1FA2D12202458E400351BB7 /* MainShowInteractor.swift */,
				B1FA2D10202458E400351BB7 /* MainShowModels.swift */,
				B1FA2D0D202458E400351BB7 /* MainShowPresenter.swift */,
				B1FA2D0F202458E400351BB7 /* MainShowRouter.swift */,
				B1FA2D11202458E400351BB7 /* MainShowViewController.swift */,
				B1FA2D0E202458E400351BB7 /* MainShowWorker.swift */,
			);
			path = MainShow;
			sourceTree = "<group>";
		};
		B1FA2D1D20245D4E00351BB7 /* OrderShow */ = {
			isa = PBXGroup;
			children = (
				B1FA2D2320245D5F00351BB7 /* OrderShowInteractor.swift */,
				B1FA2D2120245D5F00351BB7 /* OrderShowModels.swift */,
				B1FA2D1E20245D5F00351BB7 /* OrderShowPresenter.swift */,
				B1FA2D2020245D5F00351BB7 /* OrderShowRouter.swift */,
				B1FA2D2220245D5F00351BB7 /* OrderShowViewController.swift */,
				B1FA2D1F20245D5F00351BB7 /* OrderShowWorker.swift */,
			);
			path = OrderShow;
			sourceTree = "<group>";
		};
		B1FA2D2C20245DCF00351BB7 /* OrderCreate */ = {
			isa = PBXGroup;
			children = (
				B1FA2D3220245DDF00351BB7 /* OrderCreateInteractor.swift */,
				B1FA2D3020245DDF00351BB7 /* OrderCreateModels.swift */,
				B1FA2D2D20245DDF00351BB7 /* OrderCreatePresenter.swift */,
				B1FA2D2F20245DDF00351BB7 /* OrderCreateRouter.swift */,
				B1FA2D3120245DDF00351BB7 /* OrderCreateViewController.swift */,
				B1FA2D2E20245DDF00351BB7 /* OrderCreateWorker.swift */,
			);
			path = OrderCreate;
			sourceTree = "<group>";
		};
		B1FA2D3920245E1C00351BB7 /* PersonalDataShow */ = {
			isa = PBXGroup;
			children = (
				B1FA2D3F20245E2B00351BB7 /* PersonalDataShowInteractor.swift */,
				B1FA2D3D20245E2B00351BB7 /* PersonalDataShowModels.swift */,
				B1FA2D3A20245E2B00351BB7 /* PersonalDataShowPresenter.swift */,
				B1FA2D3C20245E2B00351BB7 /* PersonalDataShowRouter.swift */,
				B1FA2D3E20245E2B00351BB7 /* PersonalDataShowViewController.swift */,
				B1FA2D3B20245E2B00351BB7 /* PersonalDataShowWorker.swift */,
			);
			path = PersonalDataShow;
			sourceTree = "<group>";
		};
		B1FA2D4820245E7900351BB7 /* OrdersShow */ = {
			isa = PBXGroup;
			children = (
				B1FA2D4E20245E8900351BB7 /* OrdersShowInteractor.swift */,
				B1FA2D4C20245E8900351BB7 /* OrdersShowModels.swift */,
				B1FA2D4920245E8900351BB7 /* OrdersShowPresenter.swift */,
				B1FA2D4B20245E8900351BB7 /* OrdersShowRouter.swift */,
				B1FA2D4D20245E8900351BB7 /* OrdersShowViewController.swift */,
				B1FA2D4A20245E8900351BB7 /* OrdersShowWorker.swift */,
			);
			path = OrdersShow;
			sourceTree = "<group>";
		};
		B1FA2D5720245ECF00351BB7 /* AboutShow */ = {
			isa = PBXGroup;
			children = (
				B1FA2D5F20245EE900351BB7 /* AboutShowInteractor.swift */,
				B1FA2D5D20245EE900351BB7 /* AboutShowModels.swift */,
				B1FA2D5A20245EE900351BB7 /* AboutShowPresenter.swift */,
				B1FA2D5C20245EE900351BB7 /* AboutShowRouter.swift */,
				B1FA2D5E20245EE900351BB7 /* AboutShowViewController.swift */,
				B1FA2D5B20245EE900351BB7 /* AboutShowWorker.swift */,
			);
			path = AboutShow;
			sourceTree = "<group>";
		};
		B1FA2D6620245F3800351BB7 /* WriteUsShow */ = {
			isa = PBXGroup;
			children = (
				B1FA2D6C20245F4B00351BB7 /* WriteUsShowInteractor.swift */,
				B1FA2D6A20245F4B00351BB7 /* WriteUsShowModels.swift */,
				B1FA2D6720245F4B00351BB7 /* WriteUsShowPresenter.swift */,
				B1FA2D6920245F4B00351BB7 /* WriteUsShowRouter.swift */,
				B1FA2D6B20245F4B00351BB7 /* WriteUsShowViewController.swift */,
				B1FA2D6820245F4B00351BB7 /* WriteUsShowWorker.swift */,
			);
			path = WriteUsShow;
			sourceTree = "<group>";
		};
		B1FA2D7520245FB100351BB7 /* PriceListShow */ = {
			isa = PBXGroup;
			children = (
				B1FA2D7B20245FC000351BB7 /* PriceListShowInteractor.swift */,
				B1FA2D7920245FC000351BB7 /* PriceListShowModels.swift */,
				B1FA2D7620245FC000351BB7 /* PriceListShowPresenter.swift */,
				B1FA2D7820245FC000351BB7 /* PriceListShowRouter.swift */,
				B1FA2D7A20245FC000351BB7 /* PriceListShowViewController.swift */,
				B1FA2D7720245FC000351BB7 /* PriceListShowWorker.swift */,
			);
			path = PriceListShow;
			sourceTree = "<group>";
		};
		B1FA2D8820246D1400351BB7 /* LeftSideMenuShow */ = {
			isa = PBXGroup;
			children = (
				B1FA2D972024733500351BB7 /* Views */,
				B1FA2D8E20246D2100351BB7 /* LeftSideMenuShowInteractor.swift */,
				B1FA2D8C20246D2100351BB7 /* LeftSideMenuShowModels.swift */,
				B1FA2D8920246D2100351BB7 /* LeftSideMenuShowPresenter.swift */,
				B1FA2D8B20246D2100351BB7 /* LeftSideMenuShowRouter.swift */,
				B1FA2D8D20246D2100351BB7 /* LeftSideMenuShowViewController.swift */,
				B1FA2D8A20246D2100351BB7 /* LeftSideMenuShowWorker.swift */,
			);
			path = LeftSideMenuShow;
			sourceTree = "<group>";
		};
		B1FA2D972024733500351BB7 /* Views */ = {
			isa = PBXGroup;
			children = (
				B1FA2D982024735D00351BB7 /* LeftMenuItemCell.swift */,
				B1FA2D992024735D00351BB7 /* LeftMenuItemCell.xib */,
			);
			path = Views;
			sourceTree = "<group>";
		};
		B1FA2DA02024912100351BB7 /* Entities */ = {
			isa = PBXGroup;
			children = (
				B1FA2DAC202498C500351BB7 /* City+CoreDataClass.swift */,
				B1FA2DAD202498C500351BB7 /* City+CoreDataProperties.swift */,
				B1BAF5552028CF0C00BB4C66 /* CollectionDate+CoreDataClass.swift */,
				B1BAF5562028CF0C00BB4C66 /* CollectionDate+CoreDataProperties.swift */,
				B1DBDEF82029879B00127ECB /* DeliveryDate+CoreDataClass.swift */,
				B1DBDEF92029879B00127ECB /* DeliveryDate+CoreDataProperties.swift */,
				B1DBDEFC202998E100127ECB /* Department+CoreDataClass.swift */,
				B1DBDEFD202998E100127ECB /* Department+CoreDataProperties.swift */,
				B1DBDEFE202998E100127ECB /* DepartmentItem+CoreDataClass.swift */,
				B1DBDEFF202998E100127ECB /* DepartmentItem+CoreDataProperties.swift */,
				B19DA3F92028B0B000E9F7D6 /* Laundry+CoreDataClass.swift */,
				B19DA3FA2028B0B000E9F7D6 /* Laundry+CoreDataProperties.swift */,
				B1FA2DAE202498C500351BB7 /* Version+CoreDataClass.swift */,
				B1FA2DAF202498C500351BB7 /* Version+CoreDataProperties.swift */,
			);
			path = Entities;
			sourceTree = "<group>";
		};
		B1FA2DA5202492D500351BB7 /* Models */ = {
			isa = PBXGroup;
			children = (
				B1FA2DA6202492E300351BB7 /* ResponseAPI.swift */,
			);
			path = Models;
			sourceTree = "<group>";
		};
		B1FA2DB420249B1300351BB7 /* UIViewControllers */ = {
			isa = PBXGroup;
			children = (
				B1FA2DB520249B2F00351BB7 /* ShareInteractor.swift */,
			);
			path = UIViewControllers;
			sourceTree = "<group>";
		};
/* End PBXGroup section */

/* Begin PBXNativeTarget section */
		B1F4D0E9202447D40086E25F /* CleanCase */ = {
			isa = PBXNativeTarget;
			buildConfigurationList = B1F4D0FC202447D50086E25F /* Build configuration list for PBXNativeTarget "CleanCase" */;
			buildPhases = (
				C1BDBD0AFA195ECB8EA59410 /* [CP] Check Pods Manifest.lock */,
				B1F4D0E6202447D40086E25F /* Sources */,
				B1F4D0E7202447D40086E25F /* Frameworks */,
				B1F4D0E8202447D40086E25F /* Resources */,
				8A9744522F0709C344617A50 /* [CP] Embed Pods Frameworks */,
				D728EBB0927129E4C03B063A /* [CP] Copy Pods Resources */,
			);
			buildRules = (
			);
			dependencies = (
			);
			name = CleanCase;
			productName = CleanCase;
			productReference = B1F4D0EA202447D50086E25F /* CleanCase.app */;
			productType = "com.apple.product-type.application";
		};
/* End PBXNativeTarget section */

/* Begin PBXProject section */
		B1F4D0E2202447D40086E25F /* Project object */ = {
			isa = PBXProject;
			attributes = {
				LastSwiftUpdateCheck = 0920;
				LastUpgradeCheck = 0920;
				ORGANIZATIONNAME = msm72;
				TargetAttributes = {
					B1F4D0E9202447D40086E25F = {
						CreatedOnToolsVersion = 9.2;
						ProvisioningStyle = Automatic;
					};
				};
			};
			buildConfigurationList = B1F4D0E5202447D40086E25F /* Build configuration list for PBXProject "CleanCase" */;
			compatibilityVersion = "Xcode 8.0";
			developmentRegion = en;
			hasScannedForEncodings = 0;
			knownRegions = (
				en,
				Base,
				ar,
				he,
			);
			mainGroup = B1F4D0E1202447D40086E25F;
			productRefGroup = B1F4D0EB202447D50086E25F /* Products */;
			projectDirPath = "";
			projectRoot = "";
			targets = (
				B1F4D0E9202447D40086E25F /* CleanCase */,
			);
		};
/* End PBXProject section */

/* Begin PBXResourcesBuildPhase section */
		B1F4D0E8202447D40086E25F /* Resources */ = {
			isa = PBXResourcesBuildPhase;
			buildActionMask = 2147483647;
			files = (
				B1FA2D1C20245D4A00351BB7 /* OrderShow.storyboard in Resources */,
				B1FA2D9B2024735D00351BB7 /* LeftMenuItemCell.xib in Resources */,
				B1FA2D5920245ED600351BB7 /* AboutShow.storyboard in Resources */,
				B11B186A2025816D00EA29F7 /* Localizable.strings in Resources */,
				B1FA2D4720245E3700351BB7 /* PersonalDataShow.storyboard in Resources */,
				B1F4D0F8202447D50086E25F /* LaunchScreen.storyboard in Resources */,
				B1FA2D7420245F5700351BB7 /* WriteUsShow.storyboard in Resources */,
				B1FA2D5620245E9300351BB7 /* OrdersShow.storyboard in Resources */,
				B19DA3CB2028529A00E9F7D6 /* AgreementShow.storyboard in Resources */,
				B1F4D0F5202447D50086E25F /* Assets.xcassets in Resources */,
				B1FA2D1A202458F200351BB7 /* MainShow.storyboard in Resources */,
				B17940A12026077300A9B675 /* LaundryView.xib in Resources */,
				B1FA2D092024501100351BB7 /* SignInShow.storyboard in Resources */,
				B1FA2D2B20245DC600351BB7 /* OrderCreate.storyboard in Resources */,
				B1FA2CFA20244DDD00351BB7 /* FlowControlShow.storyboard in Resources */,
				B1FA2D8320245FCB00351BB7 /* PriceListShow.storyboard in Resources */,
			);
			runOnlyForDeploymentPostprocessing = 0;
		};
/* End PBXResourcesBuildPhase section */

/* Begin PBXShellScriptBuildPhase section */
		8A9744522F0709C344617A50 /* [CP] Embed Pods Frameworks */ = {
			isa = PBXShellScriptBuildPhase;
			buildActionMask = 2147483647;
			files = (
			);
			inputPaths = (
				"${SRCROOT}/Pods/Target Support Files/Pods-CleanCase/Pods-CleanCase-frameworks.sh",
				"${BUILT_PRODUCTS_DIR}/Alamofire/Alamofire.framework",
				"${BUILT_PRODUCTS_DIR}/DynamicColor/DynamicColor.framework",
				"${BUILT_PRODUCTS_DIR}/LTHRadioButton/LTHRadioButton.framework",
				"${BUILT_PRODUCTS_DIR}/Localize-Swift/Localize_Swift.framework",
				"${BUILT_PRODUCTS_DIR}/SideMenu/SideMenu.framework",
				"${BUILT_PRODUCTS_DIR}/SwiftSpinner/SwiftSpinner.framework",
			);
			name = "[CP] Embed Pods Frameworks";
			outputPaths = (
				"${TARGET_BUILD_DIR}/${FRAMEWORKS_FOLDER_PATH}/Alamofire.framework",
				"${TARGET_BUILD_DIR}/${FRAMEWORKS_FOLDER_PATH}/DynamicColor.framework",
				"${TARGET_BUILD_DIR}/${FRAMEWORKS_FOLDER_PATH}/LTHRadioButton.framework",
				"${TARGET_BUILD_DIR}/${FRAMEWORKS_FOLDER_PATH}/Localize_Swift.framework",
				"${TARGET_BUILD_DIR}/${FRAMEWORKS_FOLDER_PATH}/SideMenu.framework",
				"${TARGET_BUILD_DIR}/${FRAMEWORKS_FOLDER_PATH}/SwiftSpinner.framework",
			);
			runOnlyForDeploymentPostprocessing = 0;
			shellPath = /bin/sh;
			shellScript = "\"${SRCROOT}/Pods/Target Support Files/Pods-CleanCase/Pods-CleanCase-frameworks.sh\"\n";
			showEnvVarsInLog = 0;
		};
		C1BDBD0AFA195ECB8EA59410 /* [CP] Check Pods Manifest.lock */ = {
			isa = PBXShellScriptBuildPhase;
			buildActionMask = 2147483647;
			files = (
			);
			inputPaths = (
				"${PODS_PODFILE_DIR_PATH}/Podfile.lock",
				"${PODS_ROOT}/Manifest.lock",
			);
			name = "[CP] Check Pods Manifest.lock";
			outputPaths = (
				"$(DERIVED_FILE_DIR)/Pods-CleanCase-checkManifestLockResult.txt",
			);
			runOnlyForDeploymentPostprocessing = 0;
			shellPath = /bin/sh;
			shellScript = "diff \"${PODS_PODFILE_DIR_PATH}/Podfile.lock\" \"${PODS_ROOT}/Manifest.lock\" > /dev/null\nif [ $? != 0 ] ; then\n    # print error to STDERR\n    echo \"error: The sandbox is not in sync with the Podfile.lock. Run 'pod install' or update your CocoaPods installation.\" >&2\n    exit 1\nfi\n# This output is used by Xcode 'outputs' to avoid re-running this script phase.\necho \"SUCCESS\" > \"${SCRIPT_OUTPUT_FILE_0}\"\n";
			showEnvVarsInLog = 0;
		};
		D728EBB0927129E4C03B063A /* [CP] Copy Pods Resources */ = {
			isa = PBXShellScriptBuildPhase;
			buildActionMask = 2147483647;
			files = (
			);
			inputPaths = (
			);
			name = "[CP] Copy Pods Resources";
			outputPaths = (
			);
			runOnlyForDeploymentPostprocessing = 0;
			shellPath = /bin/sh;
			shellScript = "\"${SRCROOT}/Pods/Target Support Files/Pods-CleanCase/Pods-CleanCase-resources.sh\"\n";
			showEnvVarsInLog = 0;
		};
/* End PBXShellScriptBuildPhase section */

/* Begin PBXSourcesBuildPhase section */
		B1F4D0E6202447D40086E25F /* Sources */ = {
			isa = PBXSourcesBuildPhase;
			buildActionMask = 2147483647;
			files = (
				B1DBDF03202998E100127ECB /* DepartmentItem+CoreDataProperties.swift in Sources */,
				B1FA2D6320245EE900351BB7 /* AboutShowModels.swift in Sources */,
				B1FA2D072024500000351BB7 /* SignInShowInteractor.swift in Sources */,
				B1FA2D3820245DDF00351BB7 /* OrderCreateInteractor.swift in Sources */,
				B1FA2D6520245EE900351BB7 /* AboutShowInteractor.swift in Sources */,
				B1FA2D6420245EE900351BB7 /* AboutShowViewController.swift in Sources */,
				B1FA2D9220246D2100351BB7 /* LeftSideMenuShowModels.swift in Sources */,
				B1FA2D9F202490A900351BB7 /* CoreDataManager.swift in Sources */,
				B19DA3CE202852D100E9F7D6 /* AgreementShowViewController.swift in Sources */,
				B19DA3FB2028B0B000E9F7D6 /* Laundry+CoreDataClass.swift in Sources */,
				B1BAF5572028CF0C00BB4C66 /* CollectionDate+CoreDataClass.swift in Sources */,
				B1FA2D9320246D2100351BB7 /* LeftSideMenuShowViewController.swift in Sources */,
				B1FA2D2720245D5F00351BB7 /* OrderShowModels.swift in Sources */,
				B1DBDF00202998E100127ECB /* Department+CoreDataClass.swift in Sources */,
				B1FA2CF720244DC200351BB7 /* FlowControlShowViewController.swift in Sources */,
				B1FA2D6D20245F4B00351BB7 /* WriteUsShowPresenter.swift in Sources */,
				B1FA2D6120245EE900351BB7 /* AboutShowWorker.swift in Sources */,
				B1FA2D17202458E400351BB7 /* MainShowViewController.swift in Sources */,
				B1FA2D032024500000351BB7 /* SignInShowWorker.swift in Sources */,
				B1FA2D8120245FC000351BB7 /* PriceListShowInteractor.swift in Sources */,
				B1FA2D9A2024735D00351BB7 /* LeftMenuItemCell.swift in Sources */,
				B1FA2D4520245E2B00351BB7 /* PersonalDataShowInteractor.swift in Sources */,
				B1FA2D4320245E2B00351BB7 /* PersonalDataShowModels.swift in Sources */,
				B1FA2D9420246D2100351BB7 /* LeftSideMenuShowInteractor.swift in Sources */,
				B1FA2D7E20245FC000351BB7 /* PriceListShowRouter.swift in Sources */,
				B1FA2D4420245E2B00351BB7 /* PersonalDataShowViewController.swift in Sources */,
				B1FA2DA7202492E300351BB7 /* ResponseAPI.swift in Sources */,
				B1FA2D7020245F4B00351BB7 /* WriteUsShowModels.swift in Sources */,
				B1FA2D2420245D5F00351BB7 /* OrderShowPresenter.swift in Sources */,
				B1FA2D4020245E2B00351BB7 /* PersonalDataShowPresenter.swift in Sources */,
				B1FA2D6E20245F4B00351BB7 /* WriteUsShowWorker.swift in Sources */,
				B1FA2D2820245D5F00351BB7 /* OrderShowViewController.swift in Sources */,
				B1FA2D3720245DDF00351BB7 /* OrderCreateViewController.swift in Sources */,
				B1FA2DB1202498C500351BB7 /* City+CoreDataProperties.swift in Sources */,
				B1DBDF02202998E100127ECB /* DepartmentItem+CoreDataClass.swift in Sources */,
				B1FA2D3520245DDF00351BB7 /* OrderCreateRouter.swift in Sources */,
				B1FA2DA32024914900351BB7 /* CleanCaseModel.xcdatamodeld in Sources */,
				B1FA2D2520245D5F00351BB7 /* OrderShowWorker.swift in Sources */,
				B1FA2D6220245EE900351BB7 /* AboutShowRouter.swift in Sources */,
				B1FA2D3420245DDF00351BB7 /* OrderCreateWorker.swift in Sources */,
				B1FA2D9620246FF700351BB7 /* Constants.swift in Sources */,
				B1FA2D9D2024748E00351BB7 /* Protocols.swift in Sources */,
				B1FA2D2620245D5F00351BB7 /* OrderShowRouter.swift in Sources */,
				B1FA2DB620249B2F00351BB7 /* ShareInteractor.swift in Sources */,
				B1FA2D8020245FC000351BB7 /* PriceListShowViewController.swift in Sources */,
				B1EEED8120257B6200F257AA /* Bundle+Extensions.swift in Sources */,
				B1F4D0EE202447D50086E25F /* AppDelegate.swift in Sources */,
				B1FA2CF620244DC200351BB7 /* FlowControlShowModels.swift in Sources */,
				B1FA2DB3202498C500351BB7 /* Version+CoreDataProperties.swift in Sources */,
				B1FA2D9120246D2100351BB7 /* LeftSideMenuShowRouter.swift in Sources */,
				B1FA2DA92024948400351BB7 /* RestAPIManager.swift in Sources */,
				B1FA2D5020245E8900351BB7 /* OrdersShowWorker.swift in Sources */,
				B1FA2D0B202455DE00351BB7 /* UIApplication+Extension.swift in Sources */,
				B1FA2D18202458E400351BB7 /* MainShowInteractor.swift in Sources */,
				B1BAF5582028CF0C00BB4C66 /* CollectionDate+CoreDataProperties.swift in Sources */,
				B1DBDF01202998E100127ECB /* Department+CoreDataProperties.swift in Sources */,
				B1FA2D052024500000351BB7 /* SignInShowModels.swift in Sources */,
				B1FA2D5420245E8900351BB7 /* OrdersShowInteractor.swift in Sources */,
				B1FA2D5120245E8900351BB7 /* OrdersShowRouter.swift in Sources */,
				B17940A620261BA100A9B675 /* UIViewController+Extensions.swift in Sources */,
				B1FA2D5320245E8900351BB7 /* OrdersShowViewController.swift in Sources */,
				B1FA2D7F20245FC000351BB7 /* PriceListShowModels.swift in Sources */,
				B179409F2026076A00A9B675 /* LaundryView.swift in Sources */,
				B1FA2DAB202496F100351BB7 /* ErrorManager.swift in Sources */,
				B1FA2D062024500000351BB7 /* SignInShowViewController.swift in Sources */,
				B1FA2D16202458E400351BB7 /* MainShowModels.swift in Sources */,
				B1FA2DB2202498C500351BB7 /* Version+CoreDataClass.swift in Sources */,
				B1FA2D5220245E8900351BB7 /* OrdersShowModels.swift in Sources */,
				B1FA2DB0202498C500351BB7 /* City+CoreDataClass.swift in Sources */,
				B1DBDEFB2029879B00127ECB /* DeliveryDate+CoreDataProperties.swift in Sources */,
				B1FA2D7120245F4B00351BB7 /* WriteUsShowViewController.swift in Sources */,
				B1FA2D042024500000351BB7 /* SignInShowRouter.swift in Sources */,
				B1FA2CF420244DC200351BB7 /* FlowControlShowWorker.swift in Sources */,
				B1FA2D4F20245E8900351BB7 /* OrdersShowPresenter.swift in Sources */,
				B1FA2D7C20245FC000351BB7 /* PriceListShowPresenter.swift in Sources */,
				B1FA2D13202458E400351BB7 /* MainShowPresenter.swift in Sources */,
				B1FA2D022024500000351BB7 /* SignInShowPresenter.swift in Sources */,
				B1FA2D15202458E400351BB7 /* MainShowRouter.swift in Sources */,
				B1FA2D3620245DDF00351BB7 /* OrderCreateModels.swift in Sources */,
				B1FA2D2920245D5F00351BB7 /* OrderShowInteractor.swift in Sources */,
				B1FA2CF320244DC200351BB7 /* FlowControlShowPresenter.swift in Sources */,
				B1FA2D6F20245F4B00351BB7 /* WriteUsShowRouter.swift in Sources */,
				B1FA2D4120245E2B00351BB7 /* PersonalDataShowWorker.swift in Sources */,
				B1FA2D9020246D2100351BB7 /* LeftSideMenuShowWorker.swift in Sources */,
				B1FA2CF820244DC200351BB7 /* FlowControlShowInteractor.swift in Sources */,
				B1FA2D7D20245FC000351BB7 /* PriceListShowWorker.swift in Sources */,
				B19DA3F6202891E800E9F7D6 /* Decodable+Extensions.swift in Sources */,
				B1FA2D4220245E2B00351BB7 /* PersonalDataShowRouter.swift in Sources */,
				B1FA2D3320245DDF00351BB7 /* OrderCreatePresenter.swift in Sources */,
				B19DA3FC2028B0B000E9F7D6 /* Laundry+CoreDataProperties.swift in Sources */,
				B19DA3F82028993900E9F7D6 /* String+Extensions.swift in Sources */,
				B1FA2D7220245F4B00351BB7 /* WriteUsShowInteractor.swift in Sources */,
				B1FA2D6020245EE900351BB7 /* AboutShowPresenter.swift in Sources */,
				B1FA2D8F20246D2100351BB7 /* LeftSideMenuShowPresenter.swift in Sources */,
				B1FA2D14202458E400351BB7 /* MainShowWorker.swift in Sources */,
				B1DBDEFA2029879B00127ECB /* DeliveryDate+CoreDataClass.swift in Sources */,
			);
			runOnlyForDeploymentPostprocessing = 0;
		};
/* End PBXSourcesBuildPhase section */

/* Begin PBXVariantGroup section */
		B11B186C2025816D00EA29F7 /* Localizable.strings */ = {
			isa = PBXVariantGroup;
			children = (
				B11B186B2025816D00EA29F7 /* en */,
				B11B186D2025817100EA29F7 /* ar */,
				B11B18702025851600EA29F7 /* he */,
			);
			name = Localizable.strings;
			sourceTree = "<group>";
		};
		B1F4D0F6202447D50086E25F /* LaunchScreen.storyboard */ = {
			isa = PBXVariantGroup;
			children = (
				B1F4D0F7202447D50086E25F /* Base */,
				B11B18662025811B00EA29F7 /* ar */,
				B11B186F2025851600EA29F7 /* he */,
			);
			name = LaunchScreen.storyboard;
			sourceTree = "<group>";
		};
/* End PBXVariantGroup section */

/* Begin XCBuildConfiguration section */
		B1F4D0FA202447D50086E25F /* Debug */ = {
			isa = XCBuildConfiguration;
			buildSettings = {
				ALWAYS_SEARCH_USER_PATHS = NO;
				CLANG_ANALYZER_LOCALIZABILITY_NONLOCALIZED = YES;
				CLANG_ANALYZER_NONNULL = YES;
				CLANG_ANALYZER_NUMBER_OBJECT_CONVERSION = YES_AGGRESSIVE;
				CLANG_CXX_LANGUAGE_STANDARD = "gnu++14";
				CLANG_CXX_LIBRARY = "libc++";
				CLANG_ENABLE_MODULES = YES;
				CLANG_ENABLE_OBJC_ARC = YES;
				CLANG_WARN_BLOCK_CAPTURE_AUTORELEASING = YES;
				CLANG_WARN_BOOL_CONVERSION = YES;
				CLANG_WARN_COMMA = YES;
				CLANG_WARN_CONSTANT_CONVERSION = YES;
				CLANG_WARN_DIRECT_OBJC_ISA_USAGE = YES_ERROR;
				CLANG_WARN_DOCUMENTATION_COMMENTS = YES;
				CLANG_WARN_EMPTY_BODY = YES;
				CLANG_WARN_ENUM_CONVERSION = YES;
				CLANG_WARN_INFINITE_RECURSION = YES;
				CLANG_WARN_INT_CONVERSION = YES;
				CLANG_WARN_NON_LITERAL_NULL_CONVERSION = YES;
				CLANG_WARN_OBJC_LITERAL_CONVERSION = YES;
				CLANG_WARN_OBJC_ROOT_CLASS = YES_ERROR;
				CLANG_WARN_RANGE_LOOP_ANALYSIS = YES;
				CLANG_WARN_STRICT_PROTOTYPES = YES;
				CLANG_WARN_SUSPICIOUS_MOVE = YES;
				CLANG_WARN_UNGUARDED_AVAILABILITY = YES_AGGRESSIVE;
				CLANG_WARN_UNREACHABLE_CODE = YES;
				CLANG_WARN__DUPLICATE_METHOD_MATCH = YES;
				CODE_SIGN_IDENTITY = "iPhone Developer";
				COPY_PHASE_STRIP = NO;
				DEBUG_INFORMATION_FORMAT = dwarf;
				ENABLE_STRICT_OBJC_MSGSEND = YES;
				ENABLE_TESTABILITY = YES;
				GCC_C_LANGUAGE_STANDARD = gnu11;
				GCC_DYNAMIC_NO_PIC = NO;
				GCC_NO_COMMON_BLOCKS = YES;
				GCC_OPTIMIZATION_LEVEL = 0;
				GCC_PREPROCESSOR_DEFINITIONS = (
					"DEBUG=1",
					"$(inherited)",
				);
				GCC_WARN_64_TO_32_BIT_CONVERSION = YES;
				GCC_WARN_ABOUT_RETURN_TYPE = YES_ERROR;
				GCC_WARN_UNDECLARED_SELECTOR = YES;
				GCC_WARN_UNINITIALIZED_AUTOS = YES_AGGRESSIVE;
				GCC_WARN_UNUSED_FUNCTION = YES;
				GCC_WARN_UNUSED_VARIABLE = YES;
				IPHONEOS_DEPLOYMENT_TARGET = 9.3;
				MTL_ENABLE_DEBUG_INFO = YES;
				ONLY_ACTIVE_ARCH = YES;
				SDKROOT = iphoneos;
				SWIFT_ACTIVE_COMPILATION_CONDITIONS = DEBUG;
				SWIFT_OPTIMIZATION_LEVEL = "-Onone";
			};
			name = Debug;
		};
		B1F4D0FB202447D50086E25F /* Release */ = {
			isa = XCBuildConfiguration;
			buildSettings = {
				ALWAYS_SEARCH_USER_PATHS = NO;
				CLANG_ANALYZER_LOCALIZABILITY_NONLOCALIZED = YES;
				CLANG_ANALYZER_NONNULL = YES;
				CLANG_ANALYZER_NUMBER_OBJECT_CONVERSION = YES_AGGRESSIVE;
				CLANG_CXX_LANGUAGE_STANDARD = "gnu++14";
				CLANG_CXX_LIBRARY = "libc++";
				CLANG_ENABLE_MODULES = YES;
				CLANG_ENABLE_OBJC_ARC = YES;
				CLANG_WARN_BLOCK_CAPTURE_AUTORELEASING = YES;
				CLANG_WARN_BOOL_CONVERSION = YES;
				CLANG_WARN_COMMA = YES;
				CLANG_WARN_CONSTANT_CONVERSION = YES;
				CLANG_WARN_DIRECT_OBJC_ISA_USAGE = YES_ERROR;
				CLANG_WARN_DOCUMENTATION_COMMENTS = YES;
				CLANG_WARN_EMPTY_BODY = YES;
				CLANG_WARN_ENUM_CONVERSION = YES;
				CLANG_WARN_INFINITE_RECURSION = YES;
				CLANG_WARN_INT_CONVERSION = YES;
				CLANG_WARN_NON_LITERAL_NULL_CONVERSION = YES;
				CLANG_WARN_OBJC_LITERAL_CONVERSION = YES;
				CLANG_WARN_OBJC_ROOT_CLASS = YES_ERROR;
				CLANG_WARN_RANGE_LOOP_ANALYSIS = YES;
				CLANG_WARN_STRICT_PROTOTYPES = YES;
				CLANG_WARN_SUSPICIOUS_MOVE = YES;
				CLANG_WARN_UNGUARDED_AVAILABILITY = YES_AGGRESSIVE;
				CLANG_WARN_UNREACHABLE_CODE = YES;
				CLANG_WARN__DUPLICATE_METHOD_MATCH = YES;
				CODE_SIGN_IDENTITY = "iPhone Developer";
				COPY_PHASE_STRIP = NO;
				DEBUG_INFORMATION_FORMAT = "dwarf-with-dsym";
				ENABLE_NS_ASSERTIONS = NO;
				ENABLE_STRICT_OBJC_MSGSEND = YES;
				GCC_C_LANGUAGE_STANDARD = gnu11;
				GCC_NO_COMMON_BLOCKS = YES;
				GCC_WARN_64_TO_32_BIT_CONVERSION = YES;
				GCC_WARN_ABOUT_RETURN_TYPE = YES_ERROR;
				GCC_WARN_UNDECLARED_SELECTOR = YES;
				GCC_WARN_UNINITIALIZED_AUTOS = YES_AGGRESSIVE;
				GCC_WARN_UNUSED_FUNCTION = YES;
				GCC_WARN_UNUSED_VARIABLE = YES;
				IPHONEOS_DEPLOYMENT_TARGET = 9.3;
				MTL_ENABLE_DEBUG_INFO = NO;
				SDKROOT = iphoneos;
				SWIFT_OPTIMIZATION_LEVEL = "-Owholemodule";
				VALIDATE_PRODUCT = YES;
			};
			name = Release;
		};
		B1F4D0FD202447D50086E25F /* Debug */ = {
			isa = XCBuildConfiguration;
			baseConfigurationReference = B77D149EA968FA2CE61055A7 /* Pods-CleanCase.debug.xcconfig */;
			buildSettings = {
				ASSETCATALOG_COMPILER_APPICON_NAME = AppIcon;
				CODE_SIGN_STYLE = Automatic;
				DEVELOPMENT_TEAM = 2DS2B364WY;
				INFOPLIST_FILE = CleanCase/Resources/Info.plist;
				IPHONEOS_DEPLOYMENT_TARGET = 9.3;
				LD_RUNPATH_SEARCH_PATHS = "$(inherited) @executable_path/Frameworks";
				OTHER_LDFLAGS = (
					"$(inherited)",
					"-ObjC",
					"-l\"c++\"",
					"-l\"z\"",
					"-framework",
					"\"Alamofire\"",
					"-framework",
					"\"Crashlytics\"",
					"-framework",
					"\"DynamicColor\"",
					"-framework",
					"\"Fabric\"",
					"-framework",
					"\"LTHRadioButton\"",
					"-framework",
					"\"Localize_Swift\"",
					"-framework",
					"\"Security\"",
					"-framework",
					"\"SideMenu\"",
					"-framework",
					"\"SystemConfiguration\"",
					"-framework",
					"\"UIKit\"",
					"-w",
				);
				PRODUCT_BUNDLE_IDENTIFIER = msm72.CleanCase;
				PRODUCT_NAME = "$(TARGET_NAME)";
				SWIFT_VERSION = 4.0;
				TARGETED_DEVICE_FAMILY = 1;
			};
			name = Debug;
		};
		B1F4D0FE202447D50086E25F /* Release */ = {
			isa = XCBuildConfiguration;
			baseConfigurationReference = 27913F3729368B518AECD01C /* Pods-CleanCase.release.xcconfig */;
			buildSettings = {
				ASSETCATALOG_COMPILER_APPICON_NAME = AppIcon;
				CODE_SIGN_STYLE = Automatic;
				DEVELOPMENT_TEAM = 2DS2B364WY;
				INFOPLIST_FILE = CleanCase/Resources/Info.plist;
				IPHONEOS_DEPLOYMENT_TARGET = 9.3;
				LD_RUNPATH_SEARCH_PATHS = "$(inherited) @executable_path/Frameworks";
				PRODUCT_BUNDLE_IDENTIFIER = msm72.CleanCase;
				PRODUCT_NAME = "$(TARGET_NAME)";
				SWIFT_VERSION = 4.0;
				TARGETED_DEVICE_FAMILY = 1;
			};
			name = Release;
		};
/* End XCBuildConfiguration section */

/* Begin XCConfigurationList section */
		B1F4D0E5202447D40086E25F /* Build configuration list for PBXProject "CleanCase" */ = {
			isa = XCConfigurationList;
			buildConfigurations = (
				B1F4D0FA202447D50086E25F /* Debug */,
				B1F4D0FB202447D50086E25F /* Release */,
			);
			defaultConfigurationIsVisible = 0;
			defaultConfigurationName = Debug;
		};
		B1F4D0FC202447D50086E25F /* Build configuration list for PBXNativeTarget "CleanCase" */ = {
			isa = XCConfigurationList;
			buildConfigurations = (
				B1F4D0FD202447D50086E25F /* Debug */,
				B1F4D0FE202447D50086E25F /* Release */,
			);
			defaultConfigurationIsVisible = 0;
			defaultConfigurationName = Debug;
		};
/* End XCConfigurationList section */

/* Begin XCVersionGroup section */
		B1FA2DA12024914900351BB7 /* CleanCaseModel.xcdatamodeld */ = {
			isa = XCVersionGroup;
			children = (
				B1FA2DA42024925200351BB7 /* CleanCaseModel 1.xcdatamodel */,
				B1FA2DA22024914900351BB7 /* CleanCaseModel.xcdatamodel */,
			);
			currentVersion = B1FA2DA42024925200351BB7 /* CleanCaseModel 1.xcdatamodel */;
			path = CleanCaseModel.xcdatamodeld;
			sourceTree = "<group>";
			versionGroupType = wrapper.xcdatamodel;
		};
/* End XCVersionGroup section */
	};
	rootObject = B1F4D0E2202447D40086E25F /* Project object */;
}
