// !$*UTF8*$!
{
	archiveVersion = 1;
	classes = {
	};
	objectVersion = 48;
	objects = {

/* Begin PBXBuildFile section */
		5C72E5D6EC9AF2FC9D0F5CD1 /* Pods_CleanCase.framework in Frameworks */ = {isa = PBXBuildFile; fileRef = 4429DBFC09EBAAA714E08757 /* Pods_CleanCase.framework */; };
		B1F4D0EE202447D50086E25F /* AppDelegate.swift in Sources */ = {isa = PBXBuildFile; fileRef = B1F4D0ED202447D50086E25F /* AppDelegate.swift */; };
		B1F4D0F5202447D50086E25F /* Assets.xcassets in Resources */ = {isa = PBXBuildFile; fileRef = B1F4D0F4202447D50086E25F /* Assets.xcassets */; };
		B1F4D0F8202447D50086E25F /* LaunchScreen.storyboard in Resources */ = {isa = PBXBuildFile; fileRef = B1F4D0F6202447D50086E25F /* LaunchScreen.storyboard */; };
		B1FA2CF320244DC200351BB7 /* FlowControlShowPresenter.swift in Sources */ = {isa = PBXBuildFile; fileRef = B1FA2CED20244DC200351BB7 /* FlowControlShowPresenter.swift */; };
		B1FA2CF420244DC200351BB7 /* FlowControlShowWorker.swift in Sources */ = {isa = PBXBuildFile; fileRef = B1FA2CEE20244DC200351BB7 /* FlowControlShowWorker.swift */; };
		B1FA2CF520244DC200351BB7 /* FlowControlShowRouter.swift in Sources */ = {isa = PBXBuildFile; fileRef = B1FA2CEF20244DC200351BB7 /* FlowControlShowRouter.swift */; };
		B1FA2CF620244DC200351BB7 /* FlowControlShowModels.swift in Sources */ = {isa = PBXBuildFile; fileRef = B1FA2CF020244DC200351BB7 /* FlowControlShowModels.swift */; };
		B1FA2CF720244DC200351BB7 /* FlowControlShowViewController.swift in Sources */ = {isa = PBXBuildFile; fileRef = B1FA2CF120244DC200351BB7 /* FlowControlShowViewController.swift */; };
		B1FA2CF820244DC200351BB7 /* FlowControlShowInteractor.swift in Sources */ = {isa = PBXBuildFile; fileRef = B1FA2CF220244DC200351BB7 /* FlowControlShowInteractor.swift */; };
		B1FA2CFA20244DDD00351BB7 /* FlowControlShow.storyboard in Resources */ = {isa = PBXBuildFile; fileRef = B1FA2CF920244DDD00351BB7 /* FlowControlShow.storyboard */; };
		B1FA2D022024500000351BB7 /* SignInShowPresenter.swift in Sources */ = {isa = PBXBuildFile; fileRef = B1FA2CFC2024500000351BB7 /* SignInShowPresenter.swift */; };
		B1FA2D032024500000351BB7 /* SignInShowWorker.swift in Sources */ = {isa = PBXBuildFile; fileRef = B1FA2CFD2024500000351BB7 /* SignInShowWorker.swift */; };
		B1FA2D042024500000351BB7 /* SignInShowRouter.swift in Sources */ = {isa = PBXBuildFile; fileRef = B1FA2CFE2024500000351BB7 /* SignInShowRouter.swift */; };
		B1FA2D052024500000351BB7 /* SignInShowModels.swift in Sources */ = {isa = PBXBuildFile; fileRef = B1FA2CFF2024500000351BB7 /* SignInShowModels.swift */; };
		B1FA2D062024500000351BB7 /* SignInShowViewController.swift in Sources */ = {isa = PBXBuildFile; fileRef = B1FA2D002024500000351BB7 /* SignInShowViewController.swift */; };
		B1FA2D072024500000351BB7 /* SignInShowInteractor.swift in Sources */ = {isa = PBXBuildFile; fileRef = B1FA2D012024500000351BB7 /* SignInShowInteractor.swift */; };
		B1FA2D092024501100351BB7 /* SignInShow.storyboard in Resources */ = {isa = PBXBuildFile; fileRef = B1FA2D082024501100351BB7 /* SignInShow.storyboard */; };
		B1FA2D0B202455DE00351BB7 /* UIApplication+Extension.swift in Sources */ = {isa = PBXBuildFile; fileRef = B1FA2D0A202455DE00351BB7 /* UIApplication+Extension.swift */; };
		B1FA2D13202458E400351BB7 /* MainShowPresenter.swift in Sources */ = {isa = PBXBuildFile; fileRef = B1FA2D0D202458E400351BB7 /* MainShowPresenter.swift */; };
		B1FA2D14202458E400351BB7 /* MainShowWorker.swift in Sources */ = {isa = PBXBuildFile; fileRef = B1FA2D0E202458E400351BB7 /* MainShowWorker.swift */; };
		B1FA2D15202458E400351BB7 /* MainShowRouter.swift in Sources */ = {isa = PBXBuildFile; fileRef = B1FA2D0F202458E400351BB7 /* MainShowRouter.swift */; };
		B1FA2D16202458E400351BB7 /* MainShowModels.swift in Sources */ = {isa = PBXBuildFile; fileRef = B1FA2D10202458E400351BB7 /* MainShowModels.swift */; };
		B1FA2D17202458E400351BB7 /* MainShowViewController.swift in Sources */ = {isa = PBXBuildFile; fileRef = B1FA2D11202458E400351BB7 /* MainShowViewController.swift */; };
		B1FA2D18202458E400351BB7 /* MainShowInteractor.swift in Sources */ = {isa = PBXBuildFile; fileRef = B1FA2D12202458E400351BB7 /* MainShowInteractor.swift */; };
		B1FA2D1A202458F200351BB7 /* MainShow.storyboard in Resources */ = {isa = PBXBuildFile; fileRef = B1FA2D19202458F200351BB7 /* MainShow.storyboard */; };
/* End PBXBuildFile section */

/* Begin PBXFileReference section */
		27913F3729368B518AECD01C /* Pods-CleanCase.release.xcconfig */ = {isa = PBXFileReference; includeInIndex = 1; lastKnownFileType = text.xcconfig; name = "Pods-CleanCase.release.xcconfig"; path = "Pods/Target Support Files/Pods-CleanCase/Pods-CleanCase.release.xcconfig"; sourceTree = "<group>"; };
		4429DBFC09EBAAA714E08757 /* Pods_CleanCase.framework */ = {isa = PBXFileReference; explicitFileType = wrapper.framework; includeInIndex = 0; path = Pods_CleanCase.framework; sourceTree = BUILT_PRODUCTS_DIR; };
		B1F4D0EA202447D50086E25F /* CleanCase.app */ = {isa = PBXFileReference; explicitFileType = wrapper.application; includeInIndex = 0; path = CleanCase.app; sourceTree = BUILT_PRODUCTS_DIR; };
		B1F4D0ED202447D50086E25F /* AppDelegate.swift */ = {isa = PBXFileReference; lastKnownFileType = sourcecode.swift; path = AppDelegate.swift; sourceTree = "<group>"; };
		B1F4D0F4202447D50086E25F /* Assets.xcassets */ = {isa = PBXFileReference; lastKnownFileType = folder.assetcatalog; path = Assets.xcassets; sourceTree = "<group>"; };
		B1F4D0F7202447D50086E25F /* Base */ = {isa = PBXFileReference; lastKnownFileType = file.storyboard; name = Base; path = Base.lproj/LaunchScreen.storyboard; sourceTree = "<group>"; };
		B1F4D0F9202447D50086E25F /* Info.plist */ = {isa = PBXFileReference; lastKnownFileType = text.plist.xml; path = Info.plist; sourceTree = "<group>"; };
		B1FA2CED20244DC200351BB7 /* FlowControlShowPresenter.swift */ = {isa = PBXFileReference; lastKnownFileType = sourcecode.swift; path = FlowControlShowPresenter.swift; sourceTree = "<group>"; };
		B1FA2CEE20244DC200351BB7 /* FlowControlShowWorker.swift */ = {isa = PBXFileReference; lastKnownFileType = sourcecode.swift; path = FlowControlShowWorker.swift; sourceTree = "<group>"; };
		B1FA2CEF20244DC200351BB7 /* FlowControlShowRouter.swift */ = {isa = PBXFileReference; lastKnownFileType = sourcecode.swift; path = FlowControlShowRouter.swift; sourceTree = "<group>"; };
		B1FA2CF020244DC200351BB7 /* FlowControlShowModels.swift */ = {isa = PBXFileReference; lastKnownFileType = sourcecode.swift; path = FlowControlShowModels.swift; sourceTree = "<group>"; };
		B1FA2CF120244DC200351BB7 /* FlowControlShowViewController.swift */ = {isa = PBXFileReference; lastKnownFileType = sourcecode.swift; path = FlowControlShowViewController.swift; sourceTree = "<group>"; };
		B1FA2CF220244DC200351BB7 /* FlowControlShowInteractor.swift */ = {isa = PBXFileReference; lastKnownFileType = sourcecode.swift; path = FlowControlShowInteractor.swift; sourceTree = "<group>"; };
		B1FA2CF920244DDD00351BB7 /* FlowControlShow.storyboard */ = {isa = PBXFileReference; lastKnownFileType = file.storyboard; path = FlowControlShow.storyboard; sourceTree = "<group>"; };
		B1FA2CFC2024500000351BB7 /* SignInShowPresenter.swift */ = {isa = PBXFileReference; lastKnownFileType = sourcecode.swift; path = SignInShowPresenter.swift; sourceTree = "<group>"; };
		B1FA2CFD2024500000351BB7 /* SignInShowWorker.swift */ = {isa = PBXFileReference; lastKnownFileType = sourcecode.swift; path = SignInShowWorker.swift; sourceTree = "<group>"; };
		B1FA2CFE2024500000351BB7 /* SignInShowRouter.swift */ = {isa = PBXFileReference; lastKnownFileType = sourcecode.swift; path = SignInShowRouter.swift; sourceTree = "<group>"; };
		B1FA2CFF2024500000351BB7 /* SignInShowModels.swift */ = {isa = PBXFileReference; lastKnownFileType = sourcecode.swift; path = SignInShowModels.swift; sourceTree = "<group>"; };
		B1FA2D002024500000351BB7 /* SignInShowViewController.swift */ = {isa = PBXFileReference; lastKnownFileType = sourcecode.swift; path = SignInShowViewController.swift; sourceTree = "<group>"; };
		B1FA2D012024500000351BB7 /* SignInShowInteractor.swift */ = {isa = PBXFileReference; lastKnownFileType = sourcecode.swift; path = SignInShowInteractor.swift; sourceTree = "<group>"; };
		B1FA2D082024501100351BB7 /* SignInShow.storyboard */ = {isa = PBXFileReference; lastKnownFileType = file.storyboard; path = SignInShow.storyboard; sourceTree = "<group>"; };
		B1FA2D0A202455DE00351BB7 /* UIApplication+Extension.swift */ = {isa = PBXFileReference; fileEncoding = 4; lastKnownFileType = sourcecode.swift; path = "UIApplication+Extension.swift"; sourceTree = "<group>"; };
		B1FA2D0D202458E400351BB7 /* MainShowPresenter.swift */ = {isa = PBXFileReference; lastKnownFileType = sourcecode.swift; path = MainShowPresenter.swift; sourceTree = "<group>"; };
		B1FA2D0E202458E400351BB7 /* MainShowWorker.swift */ = {isa = PBXFileReference; lastKnownFileType = sourcecode.swift; path = MainShowWorker.swift; sourceTree = "<group>"; };
		B1FA2D0F202458E400351BB7 /* MainShowRouter.swift */ = {isa = PBXFileReference; lastKnownFileType = sourcecode.swift; path = MainShowRouter.swift; sourceTree = "<group>"; };
		B1FA2D10202458E400351BB7 /* MainShowModels.swift */ = {isa = PBXFileReference; lastKnownFileType = sourcecode.swift; path = MainShowModels.swift; sourceTree = "<group>"; };
		B1FA2D11202458E400351BB7 /* MainShowViewController.swift */ = {isa = PBXFileReference; lastKnownFileType = sourcecode.swift; path = MainShowViewController.swift; sourceTree = "<group>"; };
		B1FA2D12202458E400351BB7 /* MainShowInteractor.swift */ = {isa = PBXFileReference; lastKnownFileType = sourcecode.swift; path = MainShowInteractor.swift; sourceTree = "<group>"; };
		B1FA2D19202458F200351BB7 /* MainShow.storyboard */ = {isa = PBXFileReference; lastKnownFileType = file.storyboard; path = MainShow.storyboard; sourceTree = "<group>"; };
		B77D149EA968FA2CE61055A7 /* Pods-CleanCase.debug.xcconfig */ = {isa = PBXFileReference; includeInIndex = 1; lastKnownFileType = text.xcconfig; name = "Pods-CleanCase.debug.xcconfig"; path = "Pods/Target Support Files/Pods-CleanCase/Pods-CleanCase.debug.xcconfig"; sourceTree = "<group>"; };
/* End PBXFileReference section */

/* Begin PBXFrameworksBuildPhase section */
		B1F4D0E7202447D40086E25F /* Frameworks */ = {
			isa = PBXFrameworksBuildPhase;
			buildActionMask = 2147483647;
			files = (
				5C72E5D6EC9AF2FC9D0F5CD1 /* Pods_CleanCase.framework in Frameworks */,
			);
			runOnlyForDeploymentPostprocessing = 0;
		};
/* End PBXFrameworksBuildPhase section */

/* Begin PBXGroup section */
		1EA4D84A5429465057D8823F /* Pods */ = {
			isa = PBXGroup;
			children = (
				B77D149EA968FA2CE61055A7 /* Pods-CleanCase.debug.xcconfig */,
				27913F3729368B518AECD01C /* Pods-CleanCase.release.xcconfig */,
			);
			name = Pods;
			sourceTree = "<group>";
		};
		74F34CCE6AC1548C815C4D16 /* Frameworks */ = {
			isa = PBXGroup;
			children = (
				4429DBFC09EBAAA714E08757 /* Pods_CleanCase.framework */,
			);
			name = Frameworks;
			sourceTree = "<group>";
		};
		B1F4D0E1202447D40086E25F = {
			isa = PBXGroup;
			children = (
				B1F4D0EC202447D50086E25F /* CleanCase */,
				B1F4D0EB202447D50086E25F /* Products */,
				1EA4D84A5429465057D8823F /* Pods */,
				74F34CCE6AC1548C815C4D16 /* Frameworks */,
			);
			sourceTree = "<group>";
		};
		B1F4D0EB202447D50086E25F /* Products */ = {
			isa = PBXGroup;
			children = (
				B1F4D0EA202447D50086E25F /* CleanCase.app */,
			);
			name = Products;
			sourceTree = "<group>";
		};
		B1F4D0EC202447D50086E25F /* CleanCase */ = {
			isa = PBXGroup;
			children = (
				B1F4D0ED202447D50086E25F /* AppDelegate.swift */,
				B1F4D102202449400086E25F /* Common */,
				B1F4D100202448FD0086E25F /* Scenes */,
				B1F4D0FF202448E00086E25F /* Storyboards */,
				B1F4D1012024490D0086E25F /* Resources */,
			);
			path = CleanCase;
			sourceTree = "<group>";
		};
		B1F4D0FF202448E00086E25F /* Storyboards */ = {
			isa = PBXGroup;
			children = (
				B1FA2CF920244DDD00351BB7 /* FlowControlShow.storyboard */,
				B1F4D0F6202447D50086E25F /* LaunchScreen.storyboard */,
				B1FA2D19202458F200351BB7 /* MainShow.storyboard */,
				B1FA2D082024501100351BB7 /* SignInShow.storyboard */,
			);
			path = Storyboards;
			sourceTree = "<group>";
		};
		B1F4D100202448FD0086E25F /* Scenes */ = {
			isa = PBXGroup;
			children = (
				B1FA2CEC20244D9700351BB7 /* FlowControlShow */,
				B1FA2D0C202458D300351BB7 /* MainShow */,
				B1FA2CFB20244FF300351BB7 /* SignInShow */,
			);
			path = Scenes;
			sourceTree = "<group>";
		};
		B1F4D1012024490D0086E25F /* Resources */ = {
			isa = PBXGroup;
			children = (
				B1F4D0F4202447D50086E25F /* Assets.xcassets */,
				B1F4D0F9202447D50086E25F /* Info.plist */,
			);
			path = Resources;
			sourceTree = "<group>";
		};
		B1F4D102202449400086E25F /* Common */ = {
			isa = PBXGroup;
			children = (
				B1F4D103202449490086E25F /* CoreData */,
				B1F4D1052024495E0086E25F /* Extensions */,
				B1F4D104202449500086E25F /* Managers */,
			);
			path = Common;
			sourceTree = "<group>";
		};
		B1F4D103202449490086E25F /* CoreData */ = {
			isa = PBXGroup;
			children = (
			);
			path = CoreData;
			sourceTree = "<group>";
		};
		B1F4D104202449500086E25F /* Managers */ = {
			isa = PBXGroup;
			children = (
			);
			path = Managers;
			sourceTree = "<group>";
		};
		B1F4D1052024495E0086E25F /* Extensions */ = {
			isa = PBXGroup;
			children = (
				B1FA2D0A202455DE00351BB7 /* UIApplication+Extension.swift */,
			);
			path = Extensions;
			sourceTree = "<group>";
		};
		B1FA2CEC20244D9700351BB7 /* FlowControlShow */ = {
			isa = PBXGroup;
			children = (
				B1FA2CF220244DC200351BB7 /* FlowControlShowInteractor.swift */,
				B1FA2CF020244DC200351BB7 /* FlowControlShowModels.swift */,
				B1FA2CED20244DC200351BB7 /* FlowControlShowPresenter.swift */,
				B1FA2CEF20244DC200351BB7 /* FlowControlShowRouter.swift */,
				B1FA2CF120244DC200351BB7 /* FlowControlShowViewController.swift */,
				B1FA2CEE20244DC200351BB7 /* FlowControlShowWorker.swift */,
			);
			path = FlowControlShow;
			sourceTree = "<group>";
		};
		B1FA2CFB20244FF300351BB7 /* SignInShow */ = {
			isa = PBXGroup;
			children = (
				B1FA2D012024500000351BB7 /* SignInShowInteractor.swift */,
				B1FA2CFF2024500000351BB7 /* SignInShowModels.swift */,
				B1FA2CFC2024500000351BB7 /* SignInShowPresenter.swift */,
				B1FA2CFE2024500000351BB7 /* SignInShowRouter.swift */,
				B1FA2D002024500000351BB7 /* SignInShowViewController.swift */,
				B1FA2CFD2024500000351BB7 /* SignInShowWorker.swift */,
			);
			path = SignInShow;
			sourceTree = "<group>";
		};
		B1FA2D0C202458D300351BB7 /* MainShow */ = {
			isa = PBXGroup;
			children = (
				B1FA2D12202458E400351BB7 /* MainShowInteractor.swift */,
				B1FA2D10202458E400351BB7 /* MainShowModels.swift */,
				B1FA2D0D202458E400351BB7 /* MainShowPresenter.swift */,
				B1FA2D0F202458E400351BB7 /* MainShowRouter.swift */,
				B1FA2D11202458E400351BB7 /* MainShowViewController.swift */,
				B1FA2D0E202458E400351BB7 /* MainShowWorker.swift */,
			);
			path = MainShow;
			sourceTree = "<group>";
		};
/* End PBXGroup section */

/* Begin PBXNativeTarget section */
		B1F4D0E9202447D40086E25F /* CleanCase */ = {
			isa = PBXNativeTarget;
			buildConfigurationList = B1F4D0FC202447D50086E25F /* Build configuration list for PBXNativeTarget "CleanCase" */;
			buildPhases = (
				C1BDBD0AFA195ECB8EA59410 /* [CP] Check Pods Manifest.lock */,
				B1F4D0E6202447D40086E25F /* Sources */,
				B1F4D0E7202447D40086E25F /* Frameworks */,
				B1F4D0E8202447D40086E25F /* Resources */,
				8A9744522F0709C344617A50 /* [CP] Embed Pods Frameworks */,
				D728EBB0927129E4C03B063A /* [CP] Copy Pods Resources */,
			);
			buildRules = (
			);
			dependencies = (
			);
			name = CleanCase;
			productName = CleanCase;
			productReference = B1F4D0EA202447D50086E25F /* CleanCase.app */;
			productType = "com.apple.product-type.application";
		};
/* End PBXNativeTarget section */

/* Begin PBXProject section */
		B1F4D0E2202447D40086E25F /* Project object */ = {
			isa = PBXProject;
			attributes = {
				LastSwiftUpdateCheck = 0920;
				LastUpgradeCheck = 0920;
				ORGANIZATIONNAME = msm72;
				TargetAttributes = {
					B1F4D0E9202447D40086E25F = {
						CreatedOnToolsVersion = 9.2;
						ProvisioningStyle = Automatic;
					};
				};
			};
			buildConfigurationList = B1F4D0E5202447D40086E25F /* Build configuration list for PBXProject "CleanCase" */;
			compatibilityVersion = "Xcode 8.0";
			developmentRegion = en;
			hasScannedForEncodings = 0;
			knownRegions = (
				en,
				Base,
			);
			mainGroup = B1F4D0E1202447D40086E25F;
			productRefGroup = B1F4D0EB202447D50086E25F /* Products */;
			projectDirPath = "";
			projectRoot = "";
			targets = (
				B1F4D0E9202447D40086E25F /* CleanCase */,
			);
		};
/* End PBXProject section */

/* Begin PBXResourcesBuildPhase section */
		B1F4D0E8202447D40086E25F /* Resources */ = {
			isa = PBXResourcesBuildPhase;
			buildActionMask = 2147483647;
			files = (
				B1F4D0F8202447D50086E25F /* LaunchScreen.storyboard in Resources */,
				B1F4D0F5202447D50086E25F /* Assets.xcassets in Resources */,
				B1FA2D1A202458F200351BB7 /* MainShow.storyboard in Resources */,
				B1FA2D092024501100351BB7 /* SignInShow.storyboard in Resources */,
				B1FA2CFA20244DDD00351BB7 /* FlowControlShow.storyboard in Resources */,
			);
			runOnlyForDeploymentPostprocessing = 0;
		};
/* End PBXResourcesBuildPhase section */

/* Begin PBXShellScriptBuildPhase section */
		8A9744522F0709C344617A50 /* [CP] Embed Pods Frameworks */ = {
			isa = PBXShellScriptBuildPhase;
			buildActionMask = 2147483647;
			files = (
			);
			inputPaths = (
				"${SRCROOT}/Pods/Target Support Files/Pods-CleanCase/Pods-CleanCase-frameworks.sh",
				"${BUILT_PRODUCTS_DIR}/Alamofire/Alamofire.framework",
				"${BUILT_PRODUCTS_DIR}/DynamicColor/DynamicColor.framework",
				"${BUILT_PRODUCTS_DIR}/LTHRadioButton/LTHRadioButton.framework",
				"${BUILT_PRODUCTS_DIR}/Localize-Swift/Localize_Swift.framework",
				"${BUILT_PRODUCTS_DIR}/SideMenu/SideMenu.framework",
			);
			name = "[CP] Embed Pods Frameworks";
			outputPaths = (
				"${TARGET_BUILD_DIR}/${FRAMEWORKS_FOLDER_PATH}/Alamofire.framework",
				"${TARGET_BUILD_DIR}/${FRAMEWORKS_FOLDER_PATH}/DynamicColor.framework",
				"${TARGET_BUILD_DIR}/${FRAMEWORKS_FOLDER_PATH}/LTHRadioButton.framework",
				"${TARGET_BUILD_DIR}/${FRAMEWORKS_FOLDER_PATH}/Localize_Swift.framework",
				"${TARGET_BUILD_DIR}/${FRAMEWORKS_FOLDER_PATH}/SideMenu.framework",
			);
			runOnlyForDeploymentPostprocessing = 0;
			shellPath = /bin/sh;
			shellScript = "\"${SRCROOT}/Pods/Target Support Files/Pods-CleanCase/Pods-CleanCase-frameworks.sh\"\n";
			showEnvVarsInLog = 0;
		};
		C1BDBD0AFA195ECB8EA59410 /* [CP] Check Pods Manifest.lock */ = {
			isa = PBXShellScriptBuildPhase;
			buildActionMask = 2147483647;
			files = (
			);
			inputPaths = (
				"${PODS_PODFILE_DIR_PATH}/Podfile.lock",
				"${PODS_ROOT}/Manifest.lock",
			);
			name = "[CP] Check Pods Manifest.lock";
			outputPaths = (
				"$(DERIVED_FILE_DIR)/Pods-CleanCase-checkManifestLockResult.txt",
			);
			runOnlyForDeploymentPostprocessing = 0;
			shellPath = /bin/sh;
			shellScript = "diff \"${PODS_PODFILE_DIR_PATH}/Podfile.lock\" \"${PODS_ROOT}/Manifest.lock\" > /dev/null\nif [ $? != 0 ] ; then\n    # print error to STDERR\n    echo \"error: The sandbox is not in sync with the Podfile.lock. Run 'pod install' or update your CocoaPods installation.\" >&2\n    exit 1\nfi\n# This output is used by Xcode 'outputs' to avoid re-running this script phase.\necho \"SUCCESS\" > \"${SCRIPT_OUTPUT_FILE_0}\"\n";
			showEnvVarsInLog = 0;
		};
		D728EBB0927129E4C03B063A /* [CP] Copy Pods Resources */ = {
			isa = PBXShellScriptBuildPhase;
			buildActionMask = 2147483647;
			files = (
			);
			inputPaths = (
			);
			name = "[CP] Copy Pods Resources";
			outputPaths = (
			);
			runOnlyForDeploymentPostprocessing = 0;
			shellPath = /bin/sh;
			shellScript = "\"${SRCROOT}/Pods/Target Support Files/Pods-CleanCase/Pods-CleanCase-resources.sh\"\n";
			showEnvVarsInLog = 0;
		};
/* End PBXShellScriptBuildPhase section */

/* Begin PBXSourcesBuildPhase section */
		B1F4D0E6202447D40086E25F /* Sources */ = {
			isa = PBXSourcesBuildPhase;
			buildActionMask = 2147483647;
			files = (
				B1FA2D072024500000351BB7 /* SignInShowInteractor.swift in Sources */,
				B1FA2CF720244DC200351BB7 /* FlowControlShowViewController.swift in Sources */,
				B1FA2D17202458E400351BB7 /* MainShowViewController.swift in Sources */,
				B1FA2D032024500000351BB7 /* SignInShowWorker.swift in Sources */,
				B1F4D0EE202447D50086E25F /* AppDelegate.swift in Sources */,
				B1FA2CF620244DC200351BB7 /* FlowControlShowModels.swift in Sources */,
				B1FA2CF520244DC200351BB7 /* FlowControlShowRouter.swift in Sources */,
				B1FA2D0B202455DE00351BB7 /* UIApplication+Extension.swift in Sources */,
				B1FA2D18202458E400351BB7 /* MainShowInteractor.swift in Sources */,
				B1FA2D052024500000351BB7 /* SignInShowModels.swift in Sources */,
				B1FA2D062024500000351BB7 /* SignInShowViewController.swift in Sources */,
				B1FA2D16202458E400351BB7 /* MainShowModels.swift in Sources */,
				B1FA2D042024500000351BB7 /* SignInShowRouter.swift in Sources */,
				B1FA2CF420244DC200351BB7 /* FlowControlShowWorker.swift in Sources */,
				B1FA2D13202458E400351BB7 /* MainShowPresenter.swift in Sources */,
				B1FA2D022024500000351BB7 /* SignInShowPresenter.swift in Sources */,
				B1FA2D15202458E400351BB7 /* MainShowRouter.swift in Sources */,
				B1FA2CF320244DC200351BB7 /* FlowControlShowPresenter.swift in Sources */,
				B1FA2CF820244DC200351BB7 /* FlowControlShowInteractor.swift in Sources */,
				B1FA2D14202458E400351BB7 /* MainShowWorker.swift in Sources */,
			);
			runOnlyForDeploymentPostprocessing = 0;
		};
/* End PBXSourcesBuildPhase section */

/* Begin PBXVariantGroup section */
		B1F4D0F6202447D50086E25F /* LaunchScreen.storyboard */ = {
			isa = PBXVariantGroup;
			children = (
				B1F4D0F7202447D50086E25F /* Base */,
			);
			name = LaunchScreen.storyboard;
			sourceTree = "<group>";
		};
/* End PBXVariantGroup section */

/* Begin XCBuildConfiguration section */
		B1F4D0FA202447D50086E25F /* Debug */ = {
			isa = XCBuildConfiguration;
			buildSettings = {
				ALWAYS_SEARCH_USER_PATHS = NO;
				CLANG_ANALYZER_NONNULL = YES;
				CLANG_ANALYZER_NUMBER_OBJECT_CONVERSION = YES_AGGRESSIVE;
				CLANG_CXX_LANGUAGE_STANDARD = "gnu++14";
				CLANG_CXX_LIBRARY = "libc++";
				CLANG_ENABLE_MODULES = YES;
				CLANG_ENABLE_OBJC_ARC = YES;
				CLANG_WARN_BLOCK_CAPTURE_AUTORELEASING = YES;
				CLANG_WARN_BOOL_CONVERSION = YES;
				CLANG_WARN_COMMA = YES;
				CLANG_WARN_CONSTANT_CONVERSION = YES;
				CLANG_WARN_DIRECT_OBJC_ISA_USAGE = YES_ERROR;
				CLANG_WARN_DOCUMENTATION_COMMENTS = YES;
				CLANG_WARN_EMPTY_BODY = YES;
				CLANG_WARN_ENUM_CONVERSION = YES;
				CLANG_WARN_INFINITE_RECURSION = YES;
				CLANG_WARN_INT_CONVERSION = YES;
				CLANG_WARN_NON_LITERAL_NULL_CONVERSION = YES;
				CLANG_WARN_OBJC_LITERAL_CONVERSION = YES;
				CLANG_WARN_OBJC_ROOT_CLASS = YES_ERROR;
				CLANG_WARN_RANGE_LOOP_ANALYSIS = YES;
				CLANG_WARN_STRICT_PROTOTYPES = YES;
				CLANG_WARN_SUSPICIOUS_MOVE = YES;
				CLANG_WARN_UNGUARDED_AVAILABILITY = YES_AGGRESSIVE;
				CLANG_WARN_UNREACHABLE_CODE = YES;
				CLANG_WARN__DUPLICATE_METHOD_MATCH = YES;
				CODE_SIGN_IDENTITY = "iPhone Developer";
				COPY_PHASE_STRIP = NO;
				DEBUG_INFORMATION_FORMAT = dwarf;
				ENABLE_STRICT_OBJC_MSGSEND = YES;
				ENABLE_TESTABILITY = YES;
				GCC_C_LANGUAGE_STANDARD = gnu11;
				GCC_DYNAMIC_NO_PIC = NO;
				GCC_NO_COMMON_BLOCKS = YES;
				GCC_OPTIMIZATION_LEVEL = 0;
				GCC_PREPROCESSOR_DEFINITIONS = (
					"DEBUG=1",
					"$(inherited)",
				);
				GCC_WARN_64_TO_32_BIT_CONVERSION = YES;
				GCC_WARN_ABOUT_RETURN_TYPE = YES_ERROR;
				GCC_WARN_UNDECLARED_SELECTOR = YES;
				GCC_WARN_UNINITIALIZED_AUTOS = YES_AGGRESSIVE;
				GCC_WARN_UNUSED_FUNCTION = YES;
				GCC_WARN_UNUSED_VARIABLE = YES;
				IPHONEOS_DEPLOYMENT_TARGET = 10.0;
				MTL_ENABLE_DEBUG_INFO = YES;
				ONLY_ACTIVE_ARCH = YES;
				SDKROOT = iphoneos;
				SWIFT_ACTIVE_COMPILATION_CONDITIONS = DEBUG;
				SWIFT_OPTIMIZATION_LEVEL = "-Onone";
			};
			name = Debug;
		};
		B1F4D0FB202447D50086E25F /* Release */ = {
			isa = XCBuildConfiguration;
			buildSettings = {
				ALWAYS_SEARCH_USER_PATHS = NO;
				CLANG_ANALYZER_NONNULL = YES;
				CLANG_ANALYZER_NUMBER_OBJECT_CONVERSION = YES_AGGRESSIVE;
				CLANG_CXX_LANGUAGE_STANDARD = "gnu++14";
				CLANG_CXX_LIBRARY = "libc++";
				CLANG_ENABLE_MODULES = YES;
				CLANG_ENABLE_OBJC_ARC = YES;
				CLANG_WARN_BLOCK_CAPTURE_AUTORELEASING = YES;
				CLANG_WARN_BOOL_CONVERSION = YES;
				CLANG_WARN_COMMA = YES;
				CLANG_WARN_CONSTANT_CONVERSION = YES;
				CLANG_WARN_DIRECT_OBJC_ISA_USAGE = YES_ERROR;
				CLANG_WARN_DOCUMENTATION_COMMENTS = YES;
				CLANG_WARN_EMPTY_BODY = YES;
				CLANG_WARN_ENUM_CONVERSION = YES;
				CLANG_WARN_INFINITE_RECURSION = YES;
				CLANG_WARN_INT_CONVERSION = YES;
				CLANG_WARN_NON_LITERAL_NULL_CONVERSION = YES;
				CLANG_WARN_OBJC_LITERAL_CONVERSION = YES;
				CLANG_WARN_OBJC_ROOT_CLASS = YES_ERROR;
				CLANG_WARN_RANGE_LOOP_ANALYSIS = YES;
				CLANG_WARN_STRICT_PROTOTYPES = YES;
				CLANG_WARN_SUSPICIOUS_MOVE = YES;
				CLANG_WARN_UNGUARDED_AVAILABILITY = YES_AGGRESSIVE;
				CLANG_WARN_UNREACHABLE_CODE = YES;
				CLANG_WARN__DUPLICATE_METHOD_MATCH = YES;
				CODE_SIGN_IDENTITY = "iPhone Developer";
				COPY_PHASE_STRIP = NO;
				DEBUG_INFORMATION_FORMAT = "dwarf-with-dsym";
				ENABLE_NS_ASSERTIONS = NO;
				ENABLE_STRICT_OBJC_MSGSEND = YES;
				GCC_C_LANGUAGE_STANDARD = gnu11;
				GCC_NO_COMMON_BLOCKS = YES;
				GCC_WARN_64_TO_32_BIT_CONVERSION = YES;
				GCC_WARN_ABOUT_RETURN_TYPE = YES_ERROR;
				GCC_WARN_UNDECLARED_SELECTOR = YES;
				GCC_WARN_UNINITIALIZED_AUTOS = YES_AGGRESSIVE;
				GCC_WARN_UNUSED_FUNCTION = YES;
				GCC_WARN_UNUSED_VARIABLE = YES;
				IPHONEOS_DEPLOYMENT_TARGET = 10.0;
				MTL_ENABLE_DEBUG_INFO = NO;
				SDKROOT = iphoneos;
				SWIFT_OPTIMIZATION_LEVEL = "-Owholemodule";
				VALIDATE_PRODUCT = YES;
			};
			name = Release;
		};
		B1F4D0FD202447D50086E25F /* Debug */ = {
			isa = XCBuildConfiguration;
			baseConfigurationReference = B77D149EA968FA2CE61055A7 /* Pods-CleanCase.debug.xcconfig */;
			buildSettings = {
				ASSETCATALOG_COMPILER_APPICON_NAME = AppIcon;
				CODE_SIGN_STYLE = Automatic;
				INFOPLIST_FILE = CleanCase/Resources/Info.plist;
				IPHONEOS_DEPLOYMENT_TARGET = 10.0;
				LD_RUNPATH_SEARCH_PATHS = "$(inherited) @executable_path/Frameworks";
				PRODUCT_BUNDLE_IDENTIFIER = msm72.CleanCase;
				PRODUCT_NAME = "$(TARGET_NAME)";
				SWIFT_VERSION = 4.0;
				TARGETED_DEVICE_FAMILY = 1;
			};
			name = Debug;
		};
		B1F4D0FE202447D50086E25F /* Release */ = {
			isa = XCBuildConfiguration;
			baseConfigurationReference = 27913F3729368B518AECD01C /* Pods-CleanCase.release.xcconfig */;
			buildSettings = {
				ASSETCATALOG_COMPILER_APPICON_NAME = AppIcon;
				CODE_SIGN_STYLE = Automatic;
				INFOPLIST_FILE = CleanCase/Resources/Info.plist;
				IPHONEOS_DEPLOYMENT_TARGET = 10.0;
				LD_RUNPATH_SEARCH_PATHS = "$(inherited) @executable_path/Frameworks";
				PRODUCT_BUNDLE_IDENTIFIER = msm72.CleanCase;
				PRODUCT_NAME = "$(TARGET_NAME)";
				SWIFT_VERSION = 4.0;
				TARGETED_DEVICE_FAMILY = 1;
			};
			name = Release;
		};
/* End XCBuildConfiguration section */

/* Begin XCConfigurationList section */
		B1F4D0E5202447D40086E25F /* Build configuration list for PBXProject "CleanCase" */ = {
			isa = XCConfigurationList;
			buildConfigurations = (
				B1F4D0FA202447D50086E25F /* Debug */,
				B1F4D0FB202447D50086E25F /* Release */,
			);
			defaultConfigurationIsVisible = 0;
			defaultConfigurationName = Debug;
		};
		B1F4D0FC202447D50086E25F /* Build configuration list for PBXNativeTarget "CleanCase" */ = {
			isa = XCConfigurationList;
			buildConfigurations = (
				B1F4D0FD202447D50086E25F /* Debug */,
				B1F4D0FE202447D50086E25F /* Release */,
			);
			defaultConfigurationIsVisible = 0;
			defaultConfigurationName = Debug;
		};
/* End XCConfigurationList section */
	};
	rootObject = B1F4D0E2202447D40086E25F /* Project object */;
}
